
Microsoft Visual Studio Solution File, Format Version 12.00
# Visual Studio Version 16
VisualStudioVersion = 16.0.30621.155
MinimumVisualStudioVersion = 10.0.40219.1
Project("{8BC9CEB8-8B4A-11D0-8D11-00A0C91BC942}") = "SphereRender", "SphereRender\SphereRender.vcxproj", "{B3878A80-9753-4AEF-968D-677B1BA4BD29}"
EndProject
Global
	GlobalSection(SolutionConfigurationPlatforms) = preSolution
		Debug|x64 = Debug|x64
		Debug|x86 = Debug|x86
		Release|x64 = Release|x64
		Release|x86 = Release|x86
	EndGlobalSection
	GlobalSection(ProjectConfigurationPlatforms) = postSolution
		{B3878A80-9753-4AEF-968D-677B1BA4BD29}.Debug|x64.ActiveCfg = Debug|x64
		{B3878A80-9753-4AEF-968D-677B1BA4BD29}.Debug|x64.Build.0 = Debug|x64
		{B3878A80-9753-4AEF-968D-677B1BA4BD29}.Debug|x86.ActiveCfg = Debug|Win32
		{B3878A80-9753-4AEF-968D-677B1BA4BD29}.Debug|x86.Build.0 = Debug|Win32
		{B3878A80-9753-4AEF-968D-677B1BA4BD29}.Release|x64.ActiveCfg = Release|x64
		{B3878A80-9753-4AEF-968D-677B1BA4BD29}.Release|x64.Build.0 = Release|x64
		{B3878A80-9753-4AEF-968D-677B1BA4BD29}.Release|x86.ActiveCfg = Release|Win32
		{B3878A80-9753-4AEF-968D-677B1BA4BD29}.Release|x86.Build.0 = Release|Win32
	EndGlobalSection
	GlobalSection(SolutionProperties) = preSolution
		HideSolutionNode = FALSE
	EndGlobalSection
	GlobalSection(ExtensibilityGlobals) = postSolution
		SolutionGuid = {E6D3E101-8336-4619-B368-0544E4CA368A}
	EndGlobalSection
EndGlobal
