
Microsoft Visual Studio Solution File, Format Version 12.00
# Visual Studio Version 16
VisualStudioVersion = 16.0.32228.343
MinimumVisualStudioVersion = 10.0.40219.1
Project("{8BC9CEB8-8B4A-11D0-8D11-00A0C91BC942}") = "ConwayLife", "RaylibApp\RaylibApp.vcxproj", "{121C392A-DDAD-4484-AD81-059A7FFB8518}"
EndProject
Project("{8BC9CEB8-8B4A-11D0-8D11-00A0C91BC942}") = "TestGameEngine", "TestGameEngine\TestGameEngine.vcxproj", "{207C71F1-5E4E-44AF-90DC-2B29BCF5228C}"
EndProject
Project("{8BC9CEB8-8B4A-11D0-8D11-00A0C91BC942}") = "Chess3", "Chess3\Chess3.vcxproj", "{D8BE66B2-C21E-4DA5-9426-E659F136F0E5}"
EndProject
Project("{8BC9CEB8-8B4A-11D0-8D11-00A0C91BC942}") = "RaylibSandboxProject4", "Tetris\Tetris.vcxproj", "{690F473A-78B8-4629-A6E5-57600E62DB5F}"
EndProject
Project("{8BC9CEB8-8B4A-11D0-8D11-00A0C91BC942}") = "ShaderTest", "ShaderTest\ShaderTest.vcxproj", "{E8A09149-A657-4EA1-80A4-A7E0C111BC5F}"
EndProject
Project("{8BC9CEB8-8B4A-11D0-8D11-00A0C91BC942}") = "DataStructUtility", "DataStructUtility\DataStructUtility.vcxproj", "{DCB89BFE-2D9A-4E38-859A-A4DBD339870C}"
EndProject
Project("{8BC9CEB8-8B4A-11D0-8D11-00A0C91BC942}") = "GUITest", "GUITest\GUITest.vcxproj", "{96C43AD9-1A5E-4FBC-B2AC-0B1B5F280CA9}"
EndProject
Project("{8BC9CEB8-8B4A-11D0-8D11-00A0C91BC942}") = "Pathfinder", "Pathfinder\Pathfinder.vcxproj", "{14BED05E-CDEA-4CED-B2FC-FB8AF1918743}"
EndProject
Project("{8BC9CEB8-8B4A-11D0-8D11-00A0C91BC942}") = "FNaF", "FNaF\FNaF.vcxproj", "{30970EA1-492E-46B8-B154-C431937B173A}"
EndProject
Project("{8BC9CEB8-8B4A-11D0-8D11-00A0C91BC942}") = "ElectronArchitect", "ElectronArchitect\ElectronArchitect.vcxproj", "{B0E5690D-F195-45CE-A7B3-00D053DD1426}"
EndProject
Project("{8BC9CEB8-8B4A-11D0-8D11-00A0C91BC942}") = "TestLibrary", "TestLibrary\TestLibrary.vcxproj", "{4A2AA7B7-EAB9-43E9-83EA-ED6B99760BA5}"
EndProject
Project("{8BC9CEB8-8B4A-11D0-8D11-00A0C91BC942}") = "VoxelWorld", "VoxelWorld\VoxelWorld.vcxproj", "{464E011E-FD0E-423A-9CB3-4556F2D168FF}"
EndProject
Project("{8BC9CEB8-8B4A-11D0-8D11-00A0C91BC942}") = "RenderShop", "RenderShop\RenderShop.vcxproj", "{A8444E71-6CBF-4FA0-AE7A-A34FF44D78DA}"
EndProject
Project("{8BC9CEB8-8B4A-11D0-8D11-00A0C91BC942}") = "Platformer", "Platformer\Platformer.vcxproj", "{A3DCB535-FBAA-4C8F-8690-4C969135F182}"
EndProject
Project("{8BC9CEB8-8B4A-11D0-8D11-00A0C91BC942}") = "PhysicsSim", "PhysicsSim\PhysicsSim.vcxproj", "{A04D3785-362E-455E-BDBE-A9C3653C60C2}"
EndProject
Project("{8BC9CEB8-8B4A-11D0-8D11-00A0C91BC942}") = "Gravity", "Gravity\Gravity.vcxproj", "{811EF4AB-212F-4DA2-9A69-6BB5DA688700}"
EndProject
Project("{8BC9CEB8-8B4A-11D0-8D11-00A0C91BC942}") = "projectname", "DontHurtYourselfTrying\DontHurtYourselfTrying.vcxproj", "{9A9D2743-45D2-4614-B61B-DA2E357D7C55}"
EndProject
Project("{8BC9CEB8-8B4A-11D0-8D11-00A0C91BC942}") = "RaylibProject1", "RaylibProject1\RaylibProject1.vcxproj", "{342631C2-0D0A-4E80-9AC1-AEC986FA1E43}"
EndProject
Project("{8BC9CEB8-8B4A-11D0-8D11-00A0C91BC942}") = "Inventory", "Inventory\Inventory.vcxproj", "{F7AF62B2-08FD-4893-A9BB-DEC9AB1C0592}"
EndProject
Project("{8BC9CEB8-8B4A-11D0-8D11-00A0C91BC942}") = "RayTraceTest", "RayTraceTest\RayTraceTest.vcxproj", "{F3693742-B7BB-4701-9718-559DB601B1E6}"
EndProject
Project("{8BC9CEB8-8B4A-11D0-8D11-00A0C91BC942}") = "FPS_Test", "FPS_Test\FPS_Test.vcxproj", "{43B8D122-5684-47FE-9765-A929440E4BEF}"
EndProject
Project("{8BC9CEB8-8B4A-11D0-8D11-00A0C91BC942}") = "ArtyShader", "ArtyShader\ArtyShader.vcxproj", "{C2B87B7B-C29C-4AF2-8257-386E02C231B2}"
EndProject
Project("{8BC9CEB8-8B4A-11D0-8D11-00A0C91BC942}") = "TetrisGame", "TetrisGame\TetrisGame.vcxproj", "{A0EB3512-1F91-4600-9195-ED46183727A0}"
EndProject
Project("{8BC9CEB8-8B4A-11D0-8D11-00A0C91BC942}") = "BrickBreaker", "BrickBreaker\BrickBreaker.vcxproj", "{31DC0197-A9B6-40A0-85C0-BAB4F6091E5E}"
EndProject
Project("{8BC9CEB8-8B4A-11D0-8D11-00A0C91BC942}") = "UltraBare", "UltraBare\UltraBare.vcxproj", "{0DDE76D0-7DC9-45FA-8A0A-3E7488A74C4E}"
EndProject
Project("{8BC9CEB8-8B4A-11D0-8D11-00A0C91BC942}") = "CustomizerGrenade", "CustomizerGrenade\CustomizerGrenade.vcxproj", "{6499D18B-EA05-4FCC-A16B-948F6B29A129}"
EndProject
Project("{8BC9CEB8-8B4A-11D0-8D11-00A0C91BC942}") = "Freckles", "Freckles\Freckles.vcxproj", "{54A8C04F-7410-4E76-9E2C-BE8B60D66856}"
EndProject
Project("{8BC9CEB8-8B4A-11D0-8D11-00A0C91BC942}") = "CraftingTable", "CraftingTable\CraftingTable.vcxproj", "{9AB7345D-D346-4F8C-938F-B796DD9ECFA0}"
EndProject
Project("{8BC9CEB8-8B4A-11D0-8D11-00A0C91BC942}") = "DebugTools", "DebugTools\DebugTools.vcxproj", "{C8D750AD-1998-446F-992E-672966841294}"
EndProject
Project("{8BC9CEB8-8B4A-11D0-8D11-00A0C91BC942}") = "Testing", "Testing\Testing.vcxproj", "{C0CF5C78-4BFE-48AF-9CF6-69E24F7DE22E}"
EndProject
Project("{8BC9CEB8-8B4A-11D0-8D11-00A0C91BC942}") = "StatusFactory", "SatisTracktory\SatisTracktory.vcxproj", "{650E107D-8C37-414F-95D6-F365F6B52F11}"
EndProject
Project("{8BC9CEB8-8B4A-11D0-8D11-00A0C91BC942}") = "SatisFactoryPlanner", "SatisFactoryPlanner\SatisFactoryPlanner.vcxproj", "{54C6DF7A-0E4C-4D30-87F1-0CC9AAC43BE5}"
EndProject
Project("{8BC9CEB8-8B4A-11D0-8D11-00A0C91BC942}") = "CharacterShaders", "CharacterShaders\CharacterShaders.vcxproj", "{60B26BCB-1923-4DA1-9222-B41AD4556D97}"
EndProject
Project("{8BC9CEB8-8B4A-11D0-8D11-00A0C91BC942}") = "WaveBuilder", "WaveBuilder\WaveBuilder.vcxproj", "{C1826C91-765F-4296-AFBD-87F7C5EC78C7}"
EndProject
Project("{8BC9CEB8-8B4A-11D0-8D11-00A0C91BC942}") = "Raytrace", "Raytrace\Raytrace.vcxproj", "{8A769C80-A778-42E4-AAC3-97FDA307B48A}"
EndProject
Project("{8BC9CEB8-8B4A-11D0-8D11-00A0C91BC942}") = "CurveTrace", "CurveTrace\CurveTrace.vcxproj", "{D4133ED8-4C14-4AAD-A4E2-7950BFA1C780}"
EndProject
Project("{8BC9CEB8-8B4A-11D0-8D11-00A0C91BC942}") = "Breadboard", "Breadboard\Breadboard.vcxproj", "{92225511-B690-4D34-919A-893C8F889456}"
EndProject
Project("{8BC9CEB8-8B4A-11D0-8D11-00A0C91BC942}") = "Spreadsheeter", "Spreadsheeter\Spreadsheeter.vcxproj", "{DC13B11C-6DE2-4ED2-9CF1-D4FCDBC84D22}"
EndProject
Project("{8BC9CEB8-8B4A-11D0-8D11-00A0C91BC942}") = "ConnectorTester", "ConnectorTester\ConnectorTester.vcxproj", "{77D8533F-D626-47A8-866B-9F74ABA96E4C}"
EndProject
Project("{8BC9CEB8-8B4A-11D0-8D11-00A0C91BC942}") = "Vector Editor", "Vector Editor\Vector Editor.vcxproj", "{719AF3BD-8FC5-449C-AB90-46F879FBE565}"
EndProject
Project("{8BC9CEB8-8B4A-11D0-8D11-00A0C91BC942}") = "Bezier3D", "Bezier3D\Bezier3D.vcxproj", "{4E883E21-C290-4083-B31E-AF97DFB7C3A7}"
EndProject
Project("{8BC9CEB8-8B4A-11D0-8D11-00A0C91BC942}") = "SlimePhysics", "SlimePhysics\SlimePhysics.vcxproj", "{A2D6025D-E4A1-45CA-8814-30E4CC7D00DB}"
EndProject
Project("{8BC9CEB8-8B4A-11D0-8D11-00A0C91BC942}") = "RigidSim", "RigidSim\RigidSim.vcxproj", "{9A09798F-D432-417A-B22D-B6C24BBC2CF4}"
EndProject
Project("{8BC9CEB8-8B4A-11D0-8D11-00A0C91BC942}") = "Skeleton", "Skeleton\Skeleton.vcxproj", "{D07F40B3-A5E0-4699-A6B7-995D1A9A4501}"
EndProject
Project("{8BC9CEB8-8B4A-11D0-8D11-00A0C91BC942}") = "PathGradient", "PathGradient\PathGradient.vcxproj", "{9E4AEB5B-1EF1-45BE-B3EA-A83B33AD23CB}"
EndProject
Project("{8BC9CEB8-8B4A-11D0-8D11-00A0C91BC942}") = "MarchingSquares", "MarchingSquares\MarchingSquares.vcxproj", "{9B511349-9688-4989-B7A2-EF173A412C82}"
EndProject
Project("{8BC9CEB8-8B4A-11D0-8D11-00A0C91BC942}") = "BFS Circuit Simulator", "BFS Circuit Simulator\BFS Circuit Simulator.vcxproj", "{2FAE1DD2-0E4F-439D-8E60-BE10A2AD48CA}"
EndProject
Project("{8BC9CEB8-8B4A-11D0-8D11-00A0C91BC942}") = "Metaball", "Metaball\Metaball.vcxproj", "{DEF6D6BF-1225-4FF5-8E88-835E95D8EFA3}"
EndProject
Project("{8BC9CEB8-8B4A-11D0-8D11-00A0C91BC942}") = "Fractal", "Fractal\Fractal.vcxproj", "{85DB2695-913C-4B81-98DE-714119ABF635}"
EndProject
Project("{8BC9CEB8-8B4A-11D0-8D11-00A0C91BC942}") = "UITest", "Something\Something.vcxproj", "{3867AE4D-AC2C-4C53-B5BE-D855CFC96AA4}"
EndProject
Project("{8BC9CEB8-8B4A-11D0-8D11-00A0C91BC942}") = "BG Material", "BG Material\BG Material.vcxproj", "{D0FDAB6F-EA3A-490B-969C-21EC0BDC424C}"
EndProject
Project("{8BC9CEB8-8B4A-11D0-8D11-00A0C91BC942}") = "CoolerInventory", "CoolerInventory\CoolerInventory.vcxproj", "{57BDA1CE-EE80-4057-BF6F-7DC462D3E2CF}"
EndProject
Project("{8BC9CEB8-8B4A-11D0-8D11-00A0C91BC942}") = "Electron Architect 3", "Electron Architect 3\Electron Architect 3.vcxproj", "{4A0EB673-D24C-4E97-9FBC-130C9D4773C0}"
EndProject
Project("{8BC9CEB8-8B4A-11D0-8D11-00A0C91BC942}") = "RelativisticRaytrace", "RelativisticRaytrace\RelativisticRaytrace.vcxproj", "{44528FAE-0479-488D-AD85-09841672766E}"
EndProject
Project("{8BC9CEB8-8B4A-11D0-8D11-00A0C91BC942}") = "RelativisticRaytrace2", "RelativisticRaytrace2\RelativisticRaytrace2.vcxproj", "{ED62E384-2A66-4C1B-AB1A-AC4ECE2910A6}"
EndProject
Project("{8BC9CEB8-8B4A-11D0-8D11-00A0C91BC942}") = "Corkboard", "Corkboard\Corkboard.vcxproj", "{409BEC59-E537-46D2-9E36-2851A655EFED}"
EndProject
Global
	GlobalSection(SolutionConfigurationPlatforms) = preSolution
		Debug|x64 = Debug|x64
		Debug|x86 = Debug|x86
		Development|x64 = Development|x64
		Development|x86 = Development|x86
		Release|x64 = Release|x64
		Release|x86 = Release|x86
	EndGlobalSection
	GlobalSection(ProjectConfigurationPlatforms) = postSolution
		{121C392A-DDAD-4484-AD81-059A7FFB8518}.Debug|x64.ActiveCfg = Debug|x64
		{121C392A-DDAD-4484-AD81-059A7FFB8518}.Debug|x64.Build.0 = Debug|x64
		{121C392A-DDAD-4484-AD81-059A7FFB8518}.Debug|x86.ActiveCfg = Debug|x64
		{121C392A-DDAD-4484-AD81-059A7FFB8518}.Development|x64.ActiveCfg = Debug|x64
		{121C392A-DDAD-4484-AD81-059A7FFB8518}.Development|x64.Build.0 = Debug|x64
		{121C392A-DDAD-4484-AD81-059A7FFB8518}.Development|x86.ActiveCfg = Development|x64
		{121C392A-DDAD-4484-AD81-059A7FFB8518}.Release|x64.ActiveCfg = Release|x64
		{121C392A-DDAD-4484-AD81-059A7FFB8518}.Release|x64.Build.0 = Release|x64
		{121C392A-DDAD-4484-AD81-059A7FFB8518}.Release|x86.ActiveCfg = Release|x64
		{207C71F1-5E4E-44AF-90DC-2B29BCF5228C}.Debug|x64.ActiveCfg = Debug|x64
		{207C71F1-5E4E-44AF-90DC-2B29BCF5228C}.Debug|x64.Build.0 = Debug|x64
		{207C71F1-5E4E-44AF-90DC-2B29BCF5228C}.Debug|x86.ActiveCfg = Debug|Win32
		{207C71F1-5E4E-44AF-90DC-2B29BCF5228C}.Debug|x86.Build.0 = Debug|Win32
		{207C71F1-5E4E-44AF-90DC-2B29BCF5228C}.Development|x64.ActiveCfg = Debug|x64
		{207C71F1-5E4E-44AF-90DC-2B29BCF5228C}.Development|x64.Build.0 = Debug|x64
		{207C71F1-5E4E-44AF-90DC-2B29BCF5228C}.Development|x86.ActiveCfg = Development|Win32
		{207C71F1-5E4E-44AF-90DC-2B29BCF5228C}.Development|x86.Build.0 = Development|Win32
		{207C71F1-5E4E-44AF-90DC-2B29BCF5228C}.Release|x64.ActiveCfg = Release|x64
		{207C71F1-5E4E-44AF-90DC-2B29BCF5228C}.Release|x64.Build.0 = Release|x64
		{207C71F1-5E4E-44AF-90DC-2B29BCF5228C}.Release|x86.ActiveCfg = Release|Win32
		{207C71F1-5E4E-44AF-90DC-2B29BCF5228C}.Release|x86.Build.0 = Release|Win32
		{D8BE66B2-C21E-4DA5-9426-E659F136F0E5}.Debug|x64.ActiveCfg = Debug|x64
		{D8BE66B2-C21E-4DA5-9426-E659F136F0E5}.Debug|x64.Build.0 = Debug|x64
		{D8BE66B2-C21E-4DA5-9426-E659F136F0E5}.Debug|x86.ActiveCfg = Debug|Win32
		{D8BE66B2-C21E-4DA5-9426-E659F136F0E5}.Debug|x86.Build.0 = Debug|Win32
		{D8BE66B2-C21E-4DA5-9426-E659F136F0E5}.Development|x64.ActiveCfg = Debug|x64
		{D8BE66B2-C21E-4DA5-9426-E659F136F0E5}.Development|x64.Build.0 = Debug|x64
		{D8BE66B2-C21E-4DA5-9426-E659F136F0E5}.Development|x86.ActiveCfg = Development|Win32
		{D8BE66B2-C21E-4DA5-9426-E659F136F0E5}.Development|x86.Build.0 = Development|Win32
		{D8BE66B2-C21E-4DA5-9426-E659F136F0E5}.Release|x64.ActiveCfg = Release|x64
		{D8BE66B2-C21E-4DA5-9426-E659F136F0E5}.Release|x64.Build.0 = Release|x64
		{D8BE66B2-C21E-4DA5-9426-E659F136F0E5}.Release|x86.ActiveCfg = Release|Win32
		{D8BE66B2-C21E-4DA5-9426-E659F136F0E5}.Release|x86.Build.0 = Release|Win32
		{690F473A-78B8-4629-A6E5-57600E62DB5F}.Debug|x64.ActiveCfg = Debug|x64
		{690F473A-78B8-4629-A6E5-57600E62DB5F}.Debug|x64.Build.0 = Debug|x64
		{690F473A-78B8-4629-A6E5-57600E62DB5F}.Debug|x86.ActiveCfg = Debug|Win32
		{690F473A-78B8-4629-A6E5-57600E62DB5F}.Debug|x86.Build.0 = Debug|Win32
		{690F473A-78B8-4629-A6E5-57600E62DB5F}.Development|x64.ActiveCfg = Debug|x64
		{690F473A-78B8-4629-A6E5-57600E62DB5F}.Development|x64.Build.0 = Debug|x64
		{690F473A-78B8-4629-A6E5-57600E62DB5F}.Development|x86.ActiveCfg = Development|Win32
		{690F473A-78B8-4629-A6E5-57600E62DB5F}.Development|x86.Build.0 = Development|Win32
		{690F473A-78B8-4629-A6E5-57600E62DB5F}.Release|x64.ActiveCfg = Release|x64
		{690F473A-78B8-4629-A6E5-57600E62DB5F}.Release|x64.Build.0 = Release|x64
		{690F473A-78B8-4629-A6E5-57600E62DB5F}.Release|x86.ActiveCfg = Release|Win32
		{690F473A-78B8-4629-A6E5-57600E62DB5F}.Release|x86.Build.0 = Release|Win32
		{E8A09149-A657-4EA1-80A4-A7E0C111BC5F}.Debug|x64.ActiveCfg = Debug|x64
		{E8A09149-A657-4EA1-80A4-A7E0C111BC5F}.Debug|x64.Build.0 = Debug|x64
		{E8A09149-A657-4EA1-80A4-A7E0C111BC5F}.Debug|x86.ActiveCfg = Debug|Win32
		{E8A09149-A657-4EA1-80A4-A7E0C111BC5F}.Debug|x86.Build.0 = Debug|Win32
		{E8A09149-A657-4EA1-80A4-A7E0C111BC5F}.Development|x64.ActiveCfg = Debug|x64
		{E8A09149-A657-4EA1-80A4-A7E0C111BC5F}.Development|x64.Build.0 = Debug|x64
		{E8A09149-A657-4EA1-80A4-A7E0C111BC5F}.Development|x86.ActiveCfg = Development|Win32
		{E8A09149-A657-4EA1-80A4-A7E0C111BC5F}.Development|x86.Build.0 = Development|Win32
		{E8A09149-A657-4EA1-80A4-A7E0C111BC5F}.Release|x64.ActiveCfg = Release|x64
		{E8A09149-A657-4EA1-80A4-A7E0C111BC5F}.Release|x64.Build.0 = Release|x64
		{E8A09149-A657-4EA1-80A4-A7E0C111BC5F}.Release|x86.ActiveCfg = Release|Win32
		{E8A09149-A657-4EA1-80A4-A7E0C111BC5F}.Release|x86.Build.0 = Release|Win32
		{DCB89BFE-2D9A-4E38-859A-A4DBD339870C}.Debug|x64.ActiveCfg = Debug|x64
		{DCB89BFE-2D9A-4E38-859A-A4DBD339870C}.Debug|x64.Build.0 = Debug|x64
		{DCB89BFE-2D9A-4E38-859A-A4DBD339870C}.Debug|x86.ActiveCfg = Debug|Win32
		{DCB89BFE-2D9A-4E38-859A-A4DBD339870C}.Debug|x86.Build.0 = Debug|Win32
		{DCB89BFE-2D9A-4E38-859A-A4DBD339870C}.Development|x64.ActiveCfg = Debug|x64
		{DCB89BFE-2D9A-4E38-859A-A4DBD339870C}.Development|x64.Build.0 = Debug|x64
		{DCB89BFE-2D9A-4E38-859A-A4DBD339870C}.Development|x86.ActiveCfg = Development|Win32
		{DCB89BFE-2D9A-4E38-859A-A4DBD339870C}.Development|x86.Build.0 = Development|Win32
		{DCB89BFE-2D9A-4E38-859A-A4DBD339870C}.Release|x64.ActiveCfg = Release|x64
		{DCB89BFE-2D9A-4E38-859A-A4DBD339870C}.Release|x64.Build.0 = Release|x64
		{DCB89BFE-2D9A-4E38-859A-A4DBD339870C}.Release|x86.ActiveCfg = Release|Win32
		{DCB89BFE-2D9A-4E38-859A-A4DBD339870C}.Release|x86.Build.0 = Release|Win32
		{96C43AD9-1A5E-4FBC-B2AC-0B1B5F280CA9}.Debug|x64.ActiveCfg = Debug|x64
		{96C43AD9-1A5E-4FBC-B2AC-0B1B5F280CA9}.Debug|x64.Build.0 = Debug|x64
		{96C43AD9-1A5E-4FBC-B2AC-0B1B5F280CA9}.Debug|x86.ActiveCfg = Debug|Win32
		{96C43AD9-1A5E-4FBC-B2AC-0B1B5F280CA9}.Debug|x86.Build.0 = Debug|Win32
		{96C43AD9-1A5E-4FBC-B2AC-0B1B5F280CA9}.Development|x64.ActiveCfg = Debug|x64
		{96C43AD9-1A5E-4FBC-B2AC-0B1B5F280CA9}.Development|x64.Build.0 = Debug|x64
		{96C43AD9-1A5E-4FBC-B2AC-0B1B5F280CA9}.Development|x86.ActiveCfg = Development|Win32
		{96C43AD9-1A5E-4FBC-B2AC-0B1B5F280CA9}.Development|x86.Build.0 = Development|Win32
		{96C43AD9-1A5E-4FBC-B2AC-0B1B5F280CA9}.Release|x64.ActiveCfg = Release|x64
		{96C43AD9-1A5E-4FBC-B2AC-0B1B5F280CA9}.Release|x64.Build.0 = Release|x64
		{96C43AD9-1A5E-4FBC-B2AC-0B1B5F280CA9}.Release|x86.ActiveCfg = Release|Win32
		{96C43AD9-1A5E-4FBC-B2AC-0B1B5F280CA9}.Release|x86.Build.0 = Release|Win32
		{14BED05E-CDEA-4CED-B2FC-FB8AF1918743}.Debug|x64.ActiveCfg = Debug|x64
		{14BED05E-CDEA-4CED-B2FC-FB8AF1918743}.Debug|x64.Build.0 = Debug|x64
		{14BED05E-CDEA-4CED-B2FC-FB8AF1918743}.Debug|x86.ActiveCfg = Debug|Win32
		{14BED05E-CDEA-4CED-B2FC-FB8AF1918743}.Debug|x86.Build.0 = Debug|Win32
		{14BED05E-CDEA-4CED-B2FC-FB8AF1918743}.Development|x64.ActiveCfg = Debug|x64
		{14BED05E-CDEA-4CED-B2FC-FB8AF1918743}.Development|x64.Build.0 = Debug|x64
		{14BED05E-CDEA-4CED-B2FC-FB8AF1918743}.Development|x86.ActiveCfg = Development|Win32
		{14BED05E-CDEA-4CED-B2FC-FB8AF1918743}.Development|x86.Build.0 = Development|Win32
		{14BED05E-CDEA-4CED-B2FC-FB8AF1918743}.Release|x64.ActiveCfg = Release|x64
		{14BED05E-CDEA-4CED-B2FC-FB8AF1918743}.Release|x64.Build.0 = Release|x64
		{14BED05E-CDEA-4CED-B2FC-FB8AF1918743}.Release|x86.ActiveCfg = Release|Win32
		{14BED05E-CDEA-4CED-B2FC-FB8AF1918743}.Release|x86.Build.0 = Release|Win32
		{30970EA1-492E-46B8-B154-C431937B173A}.Debug|x64.ActiveCfg = Debug|x64
		{30970EA1-492E-46B8-B154-C431937B173A}.Debug|x64.Build.0 = Debug|x64
		{30970EA1-492E-46B8-B154-C431937B173A}.Debug|x86.ActiveCfg = Debug|Win32
		{30970EA1-492E-46B8-B154-C431937B173A}.Debug|x86.Build.0 = Debug|Win32
		{30970EA1-492E-46B8-B154-C431937B173A}.Development|x64.ActiveCfg = Debug|x64
		{30970EA1-492E-46B8-B154-C431937B173A}.Development|x64.Build.0 = Debug|x64
		{30970EA1-492E-46B8-B154-C431937B173A}.Development|x86.ActiveCfg = Development|Win32
		{30970EA1-492E-46B8-B154-C431937B173A}.Development|x86.Build.0 = Development|Win32
		{30970EA1-492E-46B8-B154-C431937B173A}.Release|x64.ActiveCfg = Release|x64
		{30970EA1-492E-46B8-B154-C431937B173A}.Release|x64.Build.0 = Release|x64
		{30970EA1-492E-46B8-B154-C431937B173A}.Release|x86.ActiveCfg = Release|Win32
		{30970EA1-492E-46B8-B154-C431937B173A}.Release|x86.Build.0 = Release|Win32
		{B0E5690D-F195-45CE-A7B3-00D053DD1426}.Debug|x64.ActiveCfg = Debug|x64
		{B0E5690D-F195-45CE-A7B3-00D053DD1426}.Debug|x64.Build.0 = Debug|x64
		{B0E5690D-F195-45CE-A7B3-00D053DD1426}.Debug|x86.ActiveCfg = Debug|Win32
		{B0E5690D-F195-45CE-A7B3-00D053DD1426}.Debug|x86.Build.0 = Debug|Win32
		{B0E5690D-F195-45CE-A7B3-00D053DD1426}.Development|x64.ActiveCfg = Debug|x64
		{B0E5690D-F195-45CE-A7B3-00D053DD1426}.Development|x64.Build.0 = Debug|x64
		{B0E5690D-F195-45CE-A7B3-00D053DD1426}.Development|x86.ActiveCfg = Development|Win32
		{B0E5690D-F195-45CE-A7B3-00D053DD1426}.Development|x86.Build.0 = Development|Win32
		{B0E5690D-F195-45CE-A7B3-00D053DD1426}.Release|x64.ActiveCfg = Release|x64
		{B0E5690D-F195-45CE-A7B3-00D053DD1426}.Release|x64.Build.0 = Release|x64
		{B0E5690D-F195-45CE-A7B3-00D053DD1426}.Release|x86.ActiveCfg = Release|Win32
		{B0E5690D-F195-45CE-A7B3-00D053DD1426}.Release|x86.Build.0 = Release|Win32
		{4A2AA7B7-EAB9-43E9-83EA-ED6B99760BA5}.Debug|x64.ActiveCfg = Debug|x64
		{4A2AA7B7-EAB9-43E9-83EA-ED6B99760BA5}.Debug|x64.Build.0 = Debug|x64
		{4A2AA7B7-EAB9-43E9-83EA-ED6B99760BA5}.Debug|x86.ActiveCfg = Debug|Win32
		{4A2AA7B7-EAB9-43E9-83EA-ED6B99760BA5}.Debug|x86.Build.0 = Debug|Win32
		{4A2AA7B7-EAB9-43E9-83EA-ED6B99760BA5}.Development|x64.ActiveCfg = Debug|x64
		{4A2AA7B7-EAB9-43E9-83EA-ED6B99760BA5}.Development|x64.Build.0 = Debug|x64
		{4A2AA7B7-EAB9-43E9-83EA-ED6B99760BA5}.Development|x86.ActiveCfg = Development|Win32
		{4A2AA7B7-EAB9-43E9-83EA-ED6B99760BA5}.Development|x86.Build.0 = Development|Win32
		{4A2AA7B7-EAB9-43E9-83EA-ED6B99760BA5}.Release|x64.ActiveCfg = Release|x64
		{4A2AA7B7-EAB9-43E9-83EA-ED6B99760BA5}.Release|x64.Build.0 = Release|x64
		{4A2AA7B7-EAB9-43E9-83EA-ED6B99760BA5}.Release|x86.ActiveCfg = Release|Win32
		{4A2AA7B7-EAB9-43E9-83EA-ED6B99760BA5}.Release|x86.Build.0 = Release|Win32
		{464E011E-FD0E-423A-9CB3-4556F2D168FF}.Debug|x64.ActiveCfg = Debug|x64
		{464E011E-FD0E-423A-9CB3-4556F2D168FF}.Debug|x64.Build.0 = Debug|x64
		{464E011E-FD0E-423A-9CB3-4556F2D168FF}.Debug|x86.ActiveCfg = Debug|Win32
		{464E011E-FD0E-423A-9CB3-4556F2D168FF}.Debug|x86.Build.0 = Debug|Win32
		{464E011E-FD0E-423A-9CB3-4556F2D168FF}.Development|x64.ActiveCfg = Debug|x64
		{464E011E-FD0E-423A-9CB3-4556F2D168FF}.Development|x64.Build.0 = Debug|x64
		{464E011E-FD0E-423A-9CB3-4556F2D168FF}.Development|x86.ActiveCfg = Development|Win32
		{464E011E-FD0E-423A-9CB3-4556F2D168FF}.Development|x86.Build.0 = Development|Win32
		{464E011E-FD0E-423A-9CB3-4556F2D168FF}.Release|x64.ActiveCfg = Release|x64
		{464E011E-FD0E-423A-9CB3-4556F2D168FF}.Release|x64.Build.0 = Release|x64
		{464E011E-FD0E-423A-9CB3-4556F2D168FF}.Release|x86.ActiveCfg = Release|Win32
		{464E011E-FD0E-423A-9CB3-4556F2D168FF}.Release|x86.Build.0 = Release|Win32
		{A8444E71-6CBF-4FA0-AE7A-A34FF44D78DA}.Debug|x64.ActiveCfg = Debug|x64
		{A8444E71-6CBF-4FA0-AE7A-A34FF44D78DA}.Debug|x64.Build.0 = Debug|x64
		{A8444E71-6CBF-4FA0-AE7A-A34FF44D78DA}.Debug|x86.ActiveCfg = Debug|Win32
		{A8444E71-6CBF-4FA0-AE7A-A34FF44D78DA}.Debug|x86.Build.0 = Debug|Win32
		{A8444E71-6CBF-4FA0-AE7A-A34FF44D78DA}.Development|x64.ActiveCfg = Debug|x64
		{A8444E71-6CBF-4FA0-AE7A-A34FF44D78DA}.Development|x64.Build.0 = Debug|x64
		{A8444E71-6CBF-4FA0-AE7A-A34FF44D78DA}.Development|x86.ActiveCfg = Development|Win32
		{A8444E71-6CBF-4FA0-AE7A-A34FF44D78DA}.Development|x86.Build.0 = Development|Win32
		{A8444E71-6CBF-4FA0-AE7A-A34FF44D78DA}.Release|x64.ActiveCfg = Release|x64
		{A8444E71-6CBF-4FA0-AE7A-A34FF44D78DA}.Release|x64.Build.0 = Release|x64
		{A8444E71-6CBF-4FA0-AE7A-A34FF44D78DA}.Release|x86.ActiveCfg = Release|Win32
		{A8444E71-6CBF-4FA0-AE7A-A34FF44D78DA}.Release|x86.Build.0 = Release|Win32
		{A3DCB535-FBAA-4C8F-8690-4C969135F182}.Debug|x64.ActiveCfg = Debug|x64
		{A3DCB535-FBAA-4C8F-8690-4C969135F182}.Debug|x64.Build.0 = Debug|x64
		{A3DCB535-FBAA-4C8F-8690-4C969135F182}.Debug|x86.ActiveCfg = Debug|Win32
		{A3DCB535-FBAA-4C8F-8690-4C969135F182}.Debug|x86.Build.0 = Debug|Win32
		{A3DCB535-FBAA-4C8F-8690-4C969135F182}.Development|x64.ActiveCfg = Debug|x64
		{A3DCB535-FBAA-4C8F-8690-4C969135F182}.Development|x64.Build.0 = Debug|x64
		{A3DCB535-FBAA-4C8F-8690-4C969135F182}.Development|x86.ActiveCfg = Development|Win32
		{A3DCB535-FBAA-4C8F-8690-4C969135F182}.Development|x86.Build.0 = Development|Win32
		{A3DCB535-FBAA-4C8F-8690-4C969135F182}.Release|x64.ActiveCfg = Release|x64
		{A3DCB535-FBAA-4C8F-8690-4C969135F182}.Release|x64.Build.0 = Release|x64
		{A3DCB535-FBAA-4C8F-8690-4C969135F182}.Release|x86.ActiveCfg = Release|Win32
		{A3DCB535-FBAA-4C8F-8690-4C969135F182}.Release|x86.Build.0 = Release|Win32
		{A04D3785-362E-455E-BDBE-A9C3653C60C2}.Debug|x64.ActiveCfg = Debug|x64
		{A04D3785-362E-455E-BDBE-A9C3653C60C2}.Debug|x64.Build.0 = Debug|x64
		{A04D3785-362E-455E-BDBE-A9C3653C60C2}.Debug|x86.ActiveCfg = Debug|Win32
		{A04D3785-362E-455E-BDBE-A9C3653C60C2}.Debug|x86.Build.0 = Debug|Win32
		{A04D3785-362E-455E-BDBE-A9C3653C60C2}.Development|x64.ActiveCfg = Debug|x64
		{A04D3785-362E-455E-BDBE-A9C3653C60C2}.Development|x64.Build.0 = Debug|x64
		{A04D3785-362E-455E-BDBE-A9C3653C60C2}.Development|x86.ActiveCfg = Debug|Win32
		{A04D3785-362E-455E-BDBE-A9C3653C60C2}.Development|x86.Build.0 = Debug|Win32
		{A04D3785-362E-455E-BDBE-A9C3653C60C2}.Release|x64.ActiveCfg = Release|x64
		{A04D3785-362E-455E-BDBE-A9C3653C60C2}.Release|x64.Build.0 = Release|x64
		{A04D3785-362E-455E-BDBE-A9C3653C60C2}.Release|x86.ActiveCfg = Release|Win32
		{A04D3785-362E-455E-BDBE-A9C3653C60C2}.Release|x86.Build.0 = Release|Win32
		{811EF4AB-212F-4DA2-9A69-6BB5DA688700}.Debug|x64.ActiveCfg = Debug|x64
		{811EF4AB-212F-4DA2-9A69-6BB5DA688700}.Debug|x64.Build.0 = Debug|x64
		{811EF4AB-212F-4DA2-9A69-6BB5DA688700}.Debug|x86.ActiveCfg = Debug|Win32
		{811EF4AB-212F-4DA2-9A69-6BB5DA688700}.Debug|x86.Build.0 = Debug|Win32
		{811EF4AB-212F-4DA2-9A69-6BB5DA688700}.Development|x64.ActiveCfg = Debug|x64
		{811EF4AB-212F-4DA2-9A69-6BB5DA688700}.Development|x64.Build.0 = Debug|x64
		{811EF4AB-212F-4DA2-9A69-6BB5DA688700}.Development|x86.ActiveCfg = Debug|Win32
		{811EF4AB-212F-4DA2-9A69-6BB5DA688700}.Development|x86.Build.0 = Debug|Win32
		{811EF4AB-212F-4DA2-9A69-6BB5DA688700}.Release|x64.ActiveCfg = Release|x64
		{811EF4AB-212F-4DA2-9A69-6BB5DA688700}.Release|x64.Build.0 = Release|x64
		{811EF4AB-212F-4DA2-9A69-6BB5DA688700}.Release|x86.ActiveCfg = Release|Win32
		{811EF4AB-212F-4DA2-9A69-6BB5DA688700}.Release|x86.Build.0 = Release|Win32
		{9A9D2743-45D2-4614-B61B-DA2E357D7C55}.Debug|x64.ActiveCfg = Debug|x64
		{9A9D2743-45D2-4614-B61B-DA2E357D7C55}.Debug|x64.Build.0 = Debug|x64
		{9A9D2743-45D2-4614-B61B-DA2E357D7C55}.Debug|x86.ActiveCfg = Debug|Win32
		{9A9D2743-45D2-4614-B61B-DA2E357D7C55}.Debug|x86.Build.0 = Debug|Win32
		{9A9D2743-45D2-4614-B61B-DA2E357D7C55}.Development|x64.ActiveCfg = Debug|x64
		{9A9D2743-45D2-4614-B61B-DA2E357D7C55}.Development|x64.Build.0 = Debug|x64
		{9A9D2743-45D2-4614-B61B-DA2E357D7C55}.Development|x86.ActiveCfg = Debug|Win32
		{9A9D2743-45D2-4614-B61B-DA2E357D7C55}.Development|x86.Build.0 = Debug|Win32
		{9A9D2743-45D2-4614-B61B-DA2E357D7C55}.Release|x64.ActiveCfg = Release|x64
		{9A9D2743-45D2-4614-B61B-DA2E357D7C55}.Release|x64.Build.0 = Release|x64
		{9A9D2743-45D2-4614-B61B-DA2E357D7C55}.Release|x86.ActiveCfg = Release|Win32
		{9A9D2743-45D2-4614-B61B-DA2E357D7C55}.Release|x86.Build.0 = Release|Win32
		{342631C2-0D0A-4E80-9AC1-AEC986FA1E43}.Debug|x64.ActiveCfg = Debug|x64
		{342631C2-0D0A-4E80-9AC1-AEC986FA1E43}.Debug|x64.Build.0 = Debug|x64
		{342631C2-0D0A-4E80-9AC1-AEC986FA1E43}.Debug|x86.ActiveCfg = Debug|Win32
		{342631C2-0D0A-4E80-9AC1-AEC986FA1E43}.Debug|x86.Build.0 = Debug|Win32
		{342631C2-0D0A-4E80-9AC1-AEC986FA1E43}.Development|x64.ActiveCfg = Debug|x64
		{342631C2-0D0A-4E80-9AC1-AEC986FA1E43}.Development|x64.Build.0 = Debug|x64
		{342631C2-0D0A-4E80-9AC1-AEC986FA1E43}.Development|x86.ActiveCfg = Debug|Win32
		{342631C2-0D0A-4E80-9AC1-AEC986FA1E43}.Development|x86.Build.0 = Debug|Win32
		{342631C2-0D0A-4E80-9AC1-AEC986FA1E43}.Release|x64.ActiveCfg = Release|x64
		{342631C2-0D0A-4E80-9AC1-AEC986FA1E43}.Release|x64.Build.0 = Release|x64
		{342631C2-0D0A-4E80-9AC1-AEC986FA1E43}.Release|x86.ActiveCfg = Release|Win32
		{342631C2-0D0A-4E80-9AC1-AEC986FA1E43}.Release|x86.Build.0 = Release|Win32
		{F7AF62B2-08FD-4893-A9BB-DEC9AB1C0592}.Debug|x64.ActiveCfg = Debug|x64
		{F7AF62B2-08FD-4893-A9BB-DEC9AB1C0592}.Debug|x64.Build.0 = Debug|x64
		{F7AF62B2-08FD-4893-A9BB-DEC9AB1C0592}.Debug|x86.ActiveCfg = Debug|Win32
		{F7AF62B2-08FD-4893-A9BB-DEC9AB1C0592}.Debug|x86.Build.0 = Debug|Win32
		{F7AF62B2-08FD-4893-A9BB-DEC9AB1C0592}.Development|x64.ActiveCfg = Debug|x64
		{F7AF62B2-08FD-4893-A9BB-DEC9AB1C0592}.Development|x64.Build.0 = Debug|x64
		{F7AF62B2-08FD-4893-A9BB-DEC9AB1C0592}.Development|x86.ActiveCfg = Debug|Win32
		{F7AF62B2-08FD-4893-A9BB-DEC9AB1C0592}.Development|x86.Build.0 = Debug|Win32
		{F7AF62B2-08FD-4893-A9BB-DEC9AB1C0592}.Release|x64.ActiveCfg = Release|x64
		{F7AF62B2-08FD-4893-A9BB-DEC9AB1C0592}.Release|x64.Build.0 = Release|x64
		{F7AF62B2-08FD-4893-A9BB-DEC9AB1C0592}.Release|x86.ActiveCfg = Release|Win32
		{F7AF62B2-08FD-4893-A9BB-DEC9AB1C0592}.Release|x86.Build.0 = Release|Win32
		{F3693742-B7BB-4701-9718-559DB601B1E6}.Debug|x64.ActiveCfg = Debug|x64
		{F3693742-B7BB-4701-9718-559DB601B1E6}.Debug|x64.Build.0 = Debug|x64
		{F3693742-B7BB-4701-9718-559DB601B1E6}.Debug|x86.ActiveCfg = Debug|Win32
		{F3693742-B7BB-4701-9718-559DB601B1E6}.Debug|x86.Build.0 = Debug|Win32
		{F3693742-B7BB-4701-9718-559DB601B1E6}.Development|x64.ActiveCfg = Debug|x64
		{F3693742-B7BB-4701-9718-559DB601B1E6}.Development|x64.Build.0 = Debug|x64
		{F3693742-B7BB-4701-9718-559DB601B1E6}.Development|x86.ActiveCfg = Debug|Win32
		{F3693742-B7BB-4701-9718-559DB601B1E6}.Development|x86.Build.0 = Debug|Win32
		{F3693742-B7BB-4701-9718-559DB601B1E6}.Release|x64.ActiveCfg = Release|x64
		{F3693742-B7BB-4701-9718-559DB601B1E6}.Release|x64.Build.0 = Release|x64
		{F3693742-B7BB-4701-9718-559DB601B1E6}.Release|x86.ActiveCfg = Release|Win32
		{F3693742-B7BB-4701-9718-559DB601B1E6}.Release|x86.Build.0 = Release|Win32
		{43B8D122-5684-47FE-9765-A929440E4BEF}.Debug|x64.ActiveCfg = Debug|x64
		{43B8D122-5684-47FE-9765-A929440E4BEF}.Debug|x64.Build.0 = Debug|x64
		{43B8D122-5684-47FE-9765-A929440E4BEF}.Debug|x86.ActiveCfg = Debug|Win32
		{43B8D122-5684-47FE-9765-A929440E4BEF}.Debug|x86.Build.0 = Debug|Win32
		{43B8D122-5684-47FE-9765-A929440E4BEF}.Development|x64.ActiveCfg = Debug|x64
		{43B8D122-5684-47FE-9765-A929440E4BEF}.Development|x64.Build.0 = Debug|x64
		{43B8D122-5684-47FE-9765-A929440E4BEF}.Development|x86.ActiveCfg = Debug|Win32
		{43B8D122-5684-47FE-9765-A929440E4BEF}.Development|x86.Build.0 = Debug|Win32
		{43B8D122-5684-47FE-9765-A929440E4BEF}.Release|x64.ActiveCfg = Release|x64
		{43B8D122-5684-47FE-9765-A929440E4BEF}.Release|x64.Build.0 = Release|x64
		{43B8D122-5684-47FE-9765-A929440E4BEF}.Release|x86.ActiveCfg = Release|Win32
		{43B8D122-5684-47FE-9765-A929440E4BEF}.Release|x86.Build.0 = Release|Win32
		{C2B87B7B-C29C-4AF2-8257-386E02C231B2}.Debug|x64.ActiveCfg = Debug|x64
		{C2B87B7B-C29C-4AF2-8257-386E02C231B2}.Debug|x64.Build.0 = Debug|x64
		{C2B87B7B-C29C-4AF2-8257-386E02C231B2}.Debug|x86.ActiveCfg = Debug|Win32
		{C2B87B7B-C29C-4AF2-8257-386E02C231B2}.Debug|x86.Build.0 = Debug|Win32
		{C2B87B7B-C29C-4AF2-8257-386E02C231B2}.Development|x64.ActiveCfg = Debug|x64
		{C2B87B7B-C29C-4AF2-8257-386E02C231B2}.Development|x64.Build.0 = Debug|x64
		{C2B87B7B-C29C-4AF2-8257-386E02C231B2}.Development|x86.ActiveCfg = Debug|Win32
		{C2B87B7B-C29C-4AF2-8257-386E02C231B2}.Development|x86.Build.0 = Debug|Win32
		{C2B87B7B-C29C-4AF2-8257-386E02C231B2}.Release|x64.ActiveCfg = Release|x64
		{C2B87B7B-C29C-4AF2-8257-386E02C231B2}.Release|x64.Build.0 = Release|x64
		{C2B87B7B-C29C-4AF2-8257-386E02C231B2}.Release|x86.ActiveCfg = Release|Win32
		{C2B87B7B-C29C-4AF2-8257-386E02C231B2}.Release|x86.Build.0 = Release|Win32
		{A0EB3512-1F91-4600-9195-ED46183727A0}.Debug|x64.ActiveCfg = Debug|x64
		{A0EB3512-1F91-4600-9195-ED46183727A0}.Debug|x64.Build.0 = Debug|x64
		{A0EB3512-1F91-4600-9195-ED46183727A0}.Debug|x86.ActiveCfg = Debug|Win32
		{A0EB3512-1F91-4600-9195-ED46183727A0}.Debug|x86.Build.0 = Debug|Win32
		{A0EB3512-1F91-4600-9195-ED46183727A0}.Development|x64.ActiveCfg = Debug|x64
		{A0EB3512-1F91-4600-9195-ED46183727A0}.Development|x64.Build.0 = Debug|x64
		{A0EB3512-1F91-4600-9195-ED46183727A0}.Development|x86.ActiveCfg = Debug|Win32
		{A0EB3512-1F91-4600-9195-ED46183727A0}.Development|x86.Build.0 = Debug|Win32
		{A0EB3512-1F91-4600-9195-ED46183727A0}.Release|x64.ActiveCfg = Release|x64
		{A0EB3512-1F91-4600-9195-ED46183727A0}.Release|x64.Build.0 = Release|x64
		{A0EB3512-1F91-4600-9195-ED46183727A0}.Release|x86.ActiveCfg = Release|Win32
		{A0EB3512-1F91-4600-9195-ED46183727A0}.Release|x86.Build.0 = Release|Win32
		{31DC0197-A9B6-40A0-85C0-BAB4F6091E5E}.Debug|x64.ActiveCfg = Debug|x64
		{31DC0197-A9B6-40A0-85C0-BAB4F6091E5E}.Debug|x64.Build.0 = Debug|x64
		{31DC0197-A9B6-40A0-85C0-BAB4F6091E5E}.Debug|x86.ActiveCfg = Debug|Win32
		{31DC0197-A9B6-40A0-85C0-BAB4F6091E5E}.Debug|x86.Build.0 = Debug|Win32
		{31DC0197-A9B6-40A0-85C0-BAB4F6091E5E}.Development|x64.ActiveCfg = Debug|x64
		{31DC0197-A9B6-40A0-85C0-BAB4F6091E5E}.Development|x64.Build.0 = Debug|x64
		{31DC0197-A9B6-40A0-85C0-BAB4F6091E5E}.Development|x86.ActiveCfg = Debug|Win32
		{31DC0197-A9B6-40A0-85C0-BAB4F6091E5E}.Development|x86.Build.0 = Debug|Win32
		{31DC0197-A9B6-40A0-85C0-BAB4F6091E5E}.Release|x64.ActiveCfg = Release|x64
		{31DC0197-A9B6-40A0-85C0-BAB4F6091E5E}.Release|x64.Build.0 = Release|x64
		{31DC0197-A9B6-40A0-85C0-BAB4F6091E5E}.Release|x86.ActiveCfg = Release|Win32
		{31DC0197-A9B6-40A0-85C0-BAB4F6091E5E}.Release|x86.Build.0 = Release|Win32
		{0DDE76D0-7DC9-45FA-8A0A-3E7488A74C4E}.Debug|x64.ActiveCfg = Debug|x64
		{0DDE76D0-7DC9-45FA-8A0A-3E7488A74C4E}.Debug|x64.Build.0 = Debug|x64
		{0DDE76D0-7DC9-45FA-8A0A-3E7488A74C4E}.Debug|x86.ActiveCfg = Debug|Win32
		{0DDE76D0-7DC9-45FA-8A0A-3E7488A74C4E}.Debug|x86.Build.0 = Debug|Win32
		{0DDE76D0-7DC9-45FA-8A0A-3E7488A74C4E}.Development|x64.ActiveCfg = Debug|x64
		{0DDE76D0-7DC9-45FA-8A0A-3E7488A74C4E}.Development|x64.Build.0 = Debug|x64
		{0DDE76D0-7DC9-45FA-8A0A-3E7488A74C4E}.Development|x86.ActiveCfg = Debug|Win32
		{0DDE76D0-7DC9-45FA-8A0A-3E7488A74C4E}.Development|x86.Build.0 = Debug|Win32
		{0DDE76D0-7DC9-45FA-8A0A-3E7488A74C4E}.Release|x64.ActiveCfg = Release|x64
		{0DDE76D0-7DC9-45FA-8A0A-3E7488A74C4E}.Release|x64.Build.0 = Release|x64
		{0DDE76D0-7DC9-45FA-8A0A-3E7488A74C4E}.Release|x86.ActiveCfg = Release|Win32
		{0DDE76D0-7DC9-45FA-8A0A-3E7488A74C4E}.Release|x86.Build.0 = Release|Win32
		{6499D18B-EA05-4FCC-A16B-948F6B29A129}.Debug|x64.ActiveCfg = Debug|x64
		{6499D18B-EA05-4FCC-A16B-948F6B29A129}.Debug|x64.Build.0 = Debug|x64
		{6499D18B-EA05-4FCC-A16B-948F6B29A129}.Debug|x86.ActiveCfg = Debug|Win32
		{6499D18B-EA05-4FCC-A16B-948F6B29A129}.Debug|x86.Build.0 = Debug|Win32
		{6499D18B-EA05-4FCC-A16B-948F6B29A129}.Development|x64.ActiveCfg = Debug|x64
		{6499D18B-EA05-4FCC-A16B-948F6B29A129}.Development|x64.Build.0 = Debug|x64
		{6499D18B-EA05-4FCC-A16B-948F6B29A129}.Development|x86.ActiveCfg = Debug|Win32
		{6499D18B-EA05-4FCC-A16B-948F6B29A129}.Development|x86.Build.0 = Debug|Win32
		{6499D18B-EA05-4FCC-A16B-948F6B29A129}.Release|x64.ActiveCfg = Release|x64
		{6499D18B-EA05-4FCC-A16B-948F6B29A129}.Release|x64.Build.0 = Release|x64
		{6499D18B-EA05-4FCC-A16B-948F6B29A129}.Release|x86.ActiveCfg = Release|Win32
		{6499D18B-EA05-4FCC-A16B-948F6B29A129}.Release|x86.Build.0 = Release|Win32
		{54A8C04F-7410-4E76-9E2C-BE8B60D66856}.Debug|x64.ActiveCfg = Debug|x64
		{54A8C04F-7410-4E76-9E2C-BE8B60D66856}.Debug|x64.Build.0 = Debug|x64
		{54A8C04F-7410-4E76-9E2C-BE8B60D66856}.Debug|x86.ActiveCfg = Debug|Win32
		{54A8C04F-7410-4E76-9E2C-BE8B60D66856}.Debug|x86.Build.0 = Debug|Win32
		{54A8C04F-7410-4E76-9E2C-BE8B60D66856}.Development|x64.ActiveCfg = Debug|x64
		{54A8C04F-7410-4E76-9E2C-BE8B60D66856}.Development|x64.Build.0 = Debug|x64
		{54A8C04F-7410-4E76-9E2C-BE8B60D66856}.Development|x86.ActiveCfg = Debug|Win32
		{54A8C04F-7410-4E76-9E2C-BE8B60D66856}.Development|x86.Build.0 = Debug|Win32
		{54A8C04F-7410-4E76-9E2C-BE8B60D66856}.Release|x64.ActiveCfg = Release|x64
		{54A8C04F-7410-4E76-9E2C-BE8B60D66856}.Release|x64.Build.0 = Release|x64
		{54A8C04F-7410-4E76-9E2C-BE8B60D66856}.Release|x86.ActiveCfg = Release|Win32
		{54A8C04F-7410-4E76-9E2C-BE8B60D66856}.Release|x86.Build.0 = Release|Win32
		{9AB7345D-D346-4F8C-938F-B796DD9ECFA0}.Debug|x64.ActiveCfg = Debug|x64
		{9AB7345D-D346-4F8C-938F-B796DD9ECFA0}.Debug|x64.Build.0 = Debug|x64
		{9AB7345D-D346-4F8C-938F-B796DD9ECFA0}.Debug|x86.ActiveCfg = Debug|Win32
		{9AB7345D-D346-4F8C-938F-B796DD9ECFA0}.Debug|x86.Build.0 = Debug|Win32
		{9AB7345D-D346-4F8C-938F-B796DD9ECFA0}.Development|x64.ActiveCfg = Debug|x64
		{9AB7345D-D346-4F8C-938F-B796DD9ECFA0}.Development|x64.Build.0 = Debug|x64
		{9AB7345D-D346-4F8C-938F-B796DD9ECFA0}.Development|x86.ActiveCfg = Debug|Win32
		{9AB7345D-D346-4F8C-938F-B796DD9ECFA0}.Development|x86.Build.0 = Debug|Win32
		{9AB7345D-D346-4F8C-938F-B796DD9ECFA0}.Release|x64.ActiveCfg = Release|x64
		{9AB7345D-D346-4F8C-938F-B796DD9ECFA0}.Release|x64.Build.0 = Release|x64
		{9AB7345D-D346-4F8C-938F-B796DD9ECFA0}.Release|x86.ActiveCfg = Release|Win32
		{9AB7345D-D346-4F8C-938F-B796DD9ECFA0}.Release|x86.Build.0 = Release|Win32
		{C8D750AD-1998-446F-992E-672966841294}.Debug|x64.ActiveCfg = Debug|x64
		{C8D750AD-1998-446F-992E-672966841294}.Debug|x64.Build.0 = Debug|x64
		{C8D750AD-1998-446F-992E-672966841294}.Debug|x86.ActiveCfg = Debug|Win32
		{C8D750AD-1998-446F-992E-672966841294}.Debug|x86.Build.0 = Debug|Win32
		{C8D750AD-1998-446F-992E-672966841294}.Development|x64.ActiveCfg = Debug|x64
		{C8D750AD-1998-446F-992E-672966841294}.Development|x64.Build.0 = Debug|x64
		{C8D750AD-1998-446F-992E-672966841294}.Development|x86.ActiveCfg = Debug|Win32
		{C8D750AD-1998-446F-992E-672966841294}.Development|x86.Build.0 = Debug|Win32
		{C8D750AD-1998-446F-992E-672966841294}.Release|x64.ActiveCfg = Release|x64
		{C8D750AD-1998-446F-992E-672966841294}.Release|x64.Build.0 = Release|x64
		{C8D750AD-1998-446F-992E-672966841294}.Release|x86.ActiveCfg = Release|Win32
		{C8D750AD-1998-446F-992E-672966841294}.Release|x86.Build.0 = Release|Win32
		{C0CF5C78-4BFE-48AF-9CF6-69E24F7DE22E}.Debug|x64.ActiveCfg = Debug|x64
		{C0CF5C78-4BFE-48AF-9CF6-69E24F7DE22E}.Debug|x64.Build.0 = Debug|x64
		{C0CF5C78-4BFE-48AF-9CF6-69E24F7DE22E}.Debug|x86.ActiveCfg = Debug|Win32
		{C0CF5C78-4BFE-48AF-9CF6-69E24F7DE22E}.Debug|x86.Build.0 = Debug|Win32
		{C0CF5C78-4BFE-48AF-9CF6-69E24F7DE22E}.Development|x64.ActiveCfg = Debug|x64
		{C0CF5C78-4BFE-48AF-9CF6-69E24F7DE22E}.Development|x64.Build.0 = Debug|x64
		{C0CF5C78-4BFE-48AF-9CF6-69E24F7DE22E}.Development|x86.ActiveCfg = Debug|Win32
		{C0CF5C78-4BFE-48AF-9CF6-69E24F7DE22E}.Development|x86.Build.0 = Debug|Win32
		{C0CF5C78-4BFE-48AF-9CF6-69E24F7DE22E}.Release|x64.ActiveCfg = Release|x64
		{C0CF5C78-4BFE-48AF-9CF6-69E24F7DE22E}.Release|x64.Build.0 = Release|x64
		{C0CF5C78-4BFE-48AF-9CF6-69E24F7DE22E}.Release|x86.ActiveCfg = Release|Win32
		{C0CF5C78-4BFE-48AF-9CF6-69E24F7DE22E}.Release|x86.Build.0 = Release|Win32
		{650E107D-8C37-414F-95D6-F365F6B52F11}.Debug|x64.ActiveCfg = Debug|x64
		{650E107D-8C37-414F-95D6-F365F6B52F11}.Debug|x64.Build.0 = Debug|x64
		{650E107D-8C37-414F-95D6-F365F6B52F11}.Debug|x86.ActiveCfg = Debug|Win32
		{650E107D-8C37-414F-95D6-F365F6B52F11}.Debug|x86.Build.0 = Debug|Win32
		{650E107D-8C37-414F-95D6-F365F6B52F11}.Development|x64.ActiveCfg = Debug|x64
		{650E107D-8C37-414F-95D6-F365F6B52F11}.Development|x64.Build.0 = Debug|x64
		{650E107D-8C37-414F-95D6-F365F6B52F11}.Development|x86.ActiveCfg = Debug|Win32
		{650E107D-8C37-414F-95D6-F365F6B52F11}.Development|x86.Build.0 = Debug|Win32
		{650E107D-8C37-414F-95D6-F365F6B52F11}.Release|x64.ActiveCfg = Release|x64
		{650E107D-8C37-414F-95D6-F365F6B52F11}.Release|x64.Build.0 = Release|x64
		{650E107D-8C37-414F-95D6-F365F6B52F11}.Release|x86.ActiveCfg = Release|Win32
		{650E107D-8C37-414F-95D6-F365F6B52F11}.Release|x86.Build.0 = Release|Win32
		{54C6DF7A-0E4C-4D30-87F1-0CC9AAC43BE5}.Debug|x64.ActiveCfg = Debug|x64
		{54C6DF7A-0E4C-4D30-87F1-0CC9AAC43BE5}.Debug|x64.Build.0 = Debug|x64
		{54C6DF7A-0E4C-4D30-87F1-0CC9AAC43BE5}.Debug|x86.ActiveCfg = Debug|Win32
		{54C6DF7A-0E4C-4D30-87F1-0CC9AAC43BE5}.Debug|x86.Build.0 = Debug|Win32
		{54C6DF7A-0E4C-4D30-87F1-0CC9AAC43BE5}.Development|x64.ActiveCfg = Debug|x64
		{54C6DF7A-0E4C-4D30-87F1-0CC9AAC43BE5}.Development|x64.Build.0 = Debug|x64
		{54C6DF7A-0E4C-4D30-87F1-0CC9AAC43BE5}.Development|x86.ActiveCfg = Debug|Win32
		{54C6DF7A-0E4C-4D30-87F1-0CC9AAC43BE5}.Development|x86.Build.0 = Debug|Win32
		{54C6DF7A-0E4C-4D30-87F1-0CC9AAC43BE5}.Release|x64.ActiveCfg = Release|x64
		{54C6DF7A-0E4C-4D30-87F1-0CC9AAC43BE5}.Release|x64.Build.0 = Release|x64
		{54C6DF7A-0E4C-4D30-87F1-0CC9AAC43BE5}.Release|x86.ActiveCfg = Release|Win32
		{54C6DF7A-0E4C-4D30-87F1-0CC9AAC43BE5}.Release|x86.Build.0 = Release|Win32
		{60B26BCB-1923-4DA1-9222-B41AD4556D97}.Debug|x64.ActiveCfg = Debug|x64
		{60B26BCB-1923-4DA1-9222-B41AD4556D97}.Debug|x64.Build.0 = Debug|x64
		{60B26BCB-1923-4DA1-9222-B41AD4556D97}.Debug|x86.ActiveCfg = Debug|Win32
		{60B26BCB-1923-4DA1-9222-B41AD4556D97}.Debug|x86.Build.0 = Debug|Win32
		{60B26BCB-1923-4DA1-9222-B41AD4556D97}.Development|x64.ActiveCfg = Debug|x64
		{60B26BCB-1923-4DA1-9222-B41AD4556D97}.Development|x64.Build.0 = Debug|x64
		{60B26BCB-1923-4DA1-9222-B41AD4556D97}.Development|x86.ActiveCfg = Debug|Win32
		{60B26BCB-1923-4DA1-9222-B41AD4556D97}.Development|x86.Build.0 = Debug|Win32
		{60B26BCB-1923-4DA1-9222-B41AD4556D97}.Release|x64.ActiveCfg = Release|x64
		{60B26BCB-1923-4DA1-9222-B41AD4556D97}.Release|x64.Build.0 = Release|x64
		{60B26BCB-1923-4DA1-9222-B41AD4556D97}.Release|x86.ActiveCfg = Release|Win32
		{60B26BCB-1923-4DA1-9222-B41AD4556D97}.Release|x86.Build.0 = Release|Win32
		{C1826C91-765F-4296-AFBD-87F7C5EC78C7}.Debug|x64.ActiveCfg = Debug|x64
		{C1826C91-765F-4296-AFBD-87F7C5EC78C7}.Debug|x64.Build.0 = Debug|x64
		{C1826C91-765F-4296-AFBD-87F7C5EC78C7}.Debug|x86.ActiveCfg = Debug|Win32
		{C1826C91-765F-4296-AFBD-87F7C5EC78C7}.Debug|x86.Build.0 = Debug|Win32
		{C1826C91-765F-4296-AFBD-87F7C5EC78C7}.Development|x64.ActiveCfg = Debug|x64
		{C1826C91-765F-4296-AFBD-87F7C5EC78C7}.Development|x64.Build.0 = Debug|x64
		{C1826C91-765F-4296-AFBD-87F7C5EC78C7}.Development|x86.ActiveCfg = Debug|Win32
		{C1826C91-765F-4296-AFBD-87F7C5EC78C7}.Development|x86.Build.0 = Debug|Win32
		{C1826C91-765F-4296-AFBD-87F7C5EC78C7}.Release|x64.ActiveCfg = Release|x64
		{C1826C91-765F-4296-AFBD-87F7C5EC78C7}.Release|x64.Build.0 = Release|x64
		{C1826C91-765F-4296-AFBD-87F7C5EC78C7}.Release|x86.ActiveCfg = Release|Win32
		{C1826C91-765F-4296-AFBD-87F7C5EC78C7}.Release|x86.Build.0 = Release|Win32
		{8A769C80-A778-42E4-AAC3-97FDA307B48A}.Debug|x64.ActiveCfg = Debug|x64
		{8A769C80-A778-42E4-AAC3-97FDA307B48A}.Debug|x64.Build.0 = Debug|x64
		{8A769C80-A778-42E4-AAC3-97FDA307B48A}.Debug|x86.ActiveCfg = Debug|Win32
		{8A769C80-A778-42E4-AAC3-97FDA307B48A}.Debug|x86.Build.0 = Debug|Win32
		{8A769C80-A778-42E4-AAC3-97FDA307B48A}.Development|x64.ActiveCfg = Debug|x64
		{8A769C80-A778-42E4-AAC3-97FDA307B48A}.Development|x64.Build.0 = Debug|x64
		{8A769C80-A778-42E4-AAC3-97FDA307B48A}.Development|x86.ActiveCfg = Debug|Win32
		{8A769C80-A778-42E4-AAC3-97FDA307B48A}.Development|x86.Build.0 = Debug|Win32
		{8A769C80-A778-42E4-AAC3-97FDA307B48A}.Release|x64.ActiveCfg = Release|x64
		{8A769C80-A778-42E4-AAC3-97FDA307B48A}.Release|x64.Build.0 = Release|x64
		{8A769C80-A778-42E4-AAC3-97FDA307B48A}.Release|x86.ActiveCfg = Release|Win32
		{8A769C80-A778-42E4-AAC3-97FDA307B48A}.Release|x86.Build.0 = Release|Win32
		{D4133ED8-4C14-4AAD-A4E2-7950BFA1C780}.Debug|x64.ActiveCfg = Debug|x64
		{D4133ED8-4C14-4AAD-A4E2-7950BFA1C780}.Debug|x64.Build.0 = Debug|x64
		{D4133ED8-4C14-4AAD-A4E2-7950BFA1C780}.Debug|x86.ActiveCfg = Debug|Win32
		{D4133ED8-4C14-4AAD-A4E2-7950BFA1C780}.Debug|x86.Build.0 = Debug|Win32
		{D4133ED8-4C14-4AAD-A4E2-7950BFA1C780}.Development|x64.ActiveCfg = Debug|x64
		{D4133ED8-4C14-4AAD-A4E2-7950BFA1C780}.Development|x64.Build.0 = Debug|x64
		{D4133ED8-4C14-4AAD-A4E2-7950BFA1C780}.Development|x86.ActiveCfg = Debug|Win32
		{D4133ED8-4C14-4AAD-A4E2-7950BFA1C780}.Development|x86.Build.0 = Debug|Win32
		{D4133ED8-4C14-4AAD-A4E2-7950BFA1C780}.Release|x64.ActiveCfg = Release|x64
		{D4133ED8-4C14-4AAD-A4E2-7950BFA1C780}.Release|x64.Build.0 = Release|x64
		{D4133ED8-4C14-4AAD-A4E2-7950BFA1C780}.Release|x86.ActiveCfg = Release|Win32
		{D4133ED8-4C14-4AAD-A4E2-7950BFA1C780}.Release|x86.Build.0 = Release|Win32
		{92225511-B690-4D34-919A-893C8F889456}.Debug|x64.ActiveCfg = Debug|x64
		{92225511-B690-4D34-919A-893C8F889456}.Debug|x64.Build.0 = Debug|x64
		{92225511-B690-4D34-919A-893C8F889456}.Debug|x86.ActiveCfg = Debug|Win32
		{92225511-B690-4D34-919A-893C8F889456}.Debug|x86.Build.0 = Debug|Win32
		{92225511-B690-4D34-919A-893C8F889456}.Development|x64.ActiveCfg = Debug|x64
		{92225511-B690-4D34-919A-893C8F889456}.Development|x64.Build.0 = Debug|x64
		{92225511-B690-4D34-919A-893C8F889456}.Development|x86.ActiveCfg = Debug|Win32
		{92225511-B690-4D34-919A-893C8F889456}.Development|x86.Build.0 = Debug|Win32
		{92225511-B690-4D34-919A-893C8F889456}.Release|x64.ActiveCfg = Release|x64
		{92225511-B690-4D34-919A-893C8F889456}.Release|x64.Build.0 = Release|x64
		{92225511-B690-4D34-919A-893C8F889456}.Release|x86.ActiveCfg = Release|Win32
		{92225511-B690-4D34-919A-893C8F889456}.Release|x86.Build.0 = Release|Win32
		{DC13B11C-6DE2-4ED2-9CF1-D4FCDBC84D22}.Debug|x64.ActiveCfg = Debug|x64
		{DC13B11C-6DE2-4ED2-9CF1-D4FCDBC84D22}.Debug|x64.Build.0 = Debug|x64
		{DC13B11C-6DE2-4ED2-9CF1-D4FCDBC84D22}.Debug|x86.ActiveCfg = Debug|Win32
		{DC13B11C-6DE2-4ED2-9CF1-D4FCDBC84D22}.Debug|x86.Build.0 = Debug|Win32
		{DC13B11C-6DE2-4ED2-9CF1-D4FCDBC84D22}.Development|x64.ActiveCfg = Debug|x64
		{DC13B11C-6DE2-4ED2-9CF1-D4FCDBC84D22}.Development|x64.Build.0 = Debug|x64
		{DC13B11C-6DE2-4ED2-9CF1-D4FCDBC84D22}.Development|x86.ActiveCfg = Debug|Win32
		{DC13B11C-6DE2-4ED2-9CF1-D4FCDBC84D22}.Development|x86.Build.0 = Debug|Win32
		{DC13B11C-6DE2-4ED2-9CF1-D4FCDBC84D22}.Release|x64.ActiveCfg = Release|x64
		{DC13B11C-6DE2-4ED2-9CF1-D4FCDBC84D22}.Release|x64.Build.0 = Release|x64
		{DC13B11C-6DE2-4ED2-9CF1-D4FCDBC84D22}.Release|x86.ActiveCfg = Release|Win32
		{DC13B11C-6DE2-4ED2-9CF1-D4FCDBC84D22}.Release|x86.Build.0 = Release|Win32
		{77D8533F-D626-47A8-866B-9F74ABA96E4C}.Debug|x64.ActiveCfg = Debug|x64
		{77D8533F-D626-47A8-866B-9F74ABA96E4C}.Debug|x64.Build.0 = Debug|x64
		{77D8533F-D626-47A8-866B-9F74ABA96E4C}.Debug|x86.ActiveCfg = Debug|Win32
		{77D8533F-D626-47A8-866B-9F74ABA96E4C}.Debug|x86.Build.0 = Debug|Win32
		{77D8533F-D626-47A8-866B-9F74ABA96E4C}.Development|x64.ActiveCfg = Debug|x64
		{77D8533F-D626-47A8-866B-9F74ABA96E4C}.Development|x64.Build.0 = Debug|x64
		{77D8533F-D626-47A8-866B-9F74ABA96E4C}.Development|x86.ActiveCfg = Debug|Win32
		{77D8533F-D626-47A8-866B-9F74ABA96E4C}.Development|x86.Build.0 = Debug|Win32
		{77D8533F-D626-47A8-866B-9F74ABA96E4C}.Release|x64.ActiveCfg = Release|x64
		{77D8533F-D626-47A8-866B-9F74ABA96E4C}.Release|x64.Build.0 = Release|x64
		{77D8533F-D626-47A8-866B-9F74ABA96E4C}.Release|x86.ActiveCfg = Release|Win32
		{77D8533F-D626-47A8-866B-9F74ABA96E4C}.Release|x86.Build.0 = Release|Win32
		{719AF3BD-8FC5-449C-AB90-46F879FBE565}.Debug|x64.ActiveCfg = Debug|x64
		{719AF3BD-8FC5-449C-AB90-46F879FBE565}.Debug|x64.Build.0 = Debug|x64
		{719AF3BD-8FC5-449C-AB90-46F879FBE565}.Debug|x86.ActiveCfg = Debug|Win32
		{719AF3BD-8FC5-449C-AB90-46F879FBE565}.Debug|x86.Build.0 = Debug|Win32
		{719AF3BD-8FC5-449C-AB90-46F879FBE565}.Development|x64.ActiveCfg = Debug|x64
		{719AF3BD-8FC5-449C-AB90-46F879FBE565}.Development|x64.Build.0 = Debug|x64
		{719AF3BD-8FC5-449C-AB90-46F879FBE565}.Development|x86.ActiveCfg = Debug|Win32
		{719AF3BD-8FC5-449C-AB90-46F879FBE565}.Development|x86.Build.0 = Debug|Win32
		{719AF3BD-8FC5-449C-AB90-46F879FBE565}.Release|x64.ActiveCfg = Release|x64
		{719AF3BD-8FC5-449C-AB90-46F879FBE565}.Release|x64.Build.0 = Release|x64
		{719AF3BD-8FC5-449C-AB90-46F879FBE565}.Release|x86.ActiveCfg = Release|Win32
		{719AF3BD-8FC5-449C-AB90-46F879FBE565}.Release|x86.Build.0 = Release|Win32
		{4E883E21-C290-4083-B31E-AF97DFB7C3A7}.Debug|x64.ActiveCfg = Debug|x64
		{4E883E21-C290-4083-B31E-AF97DFB7C3A7}.Debug|x64.Build.0 = Debug|x64
		{4E883E21-C290-4083-B31E-AF97DFB7C3A7}.Debug|x86.ActiveCfg = Debug|Win32
		{4E883E21-C290-4083-B31E-AF97DFB7C3A7}.Debug|x86.Build.0 = Debug|Win32
		{4E883E21-C290-4083-B31E-AF97DFB7C3A7}.Development|x64.ActiveCfg = Debug|x64
		{4E883E21-C290-4083-B31E-AF97DFB7C3A7}.Development|x64.Build.0 = Debug|x64
		{4E883E21-C290-4083-B31E-AF97DFB7C3A7}.Development|x86.ActiveCfg = Debug|Win32
		{4E883E21-C290-4083-B31E-AF97DFB7C3A7}.Development|x86.Build.0 = Debug|Win32
		{4E883E21-C290-4083-B31E-AF97DFB7C3A7}.Release|x64.ActiveCfg = Release|x64
		{4E883E21-C290-4083-B31E-AF97DFB7C3A7}.Release|x64.Build.0 = Release|x64
		{4E883E21-C290-4083-B31E-AF97DFB7C3A7}.Release|x86.ActiveCfg = Release|Win32
		{4E883E21-C290-4083-B31E-AF97DFB7C3A7}.Release|x86.Build.0 = Release|Win32
		{A2D6025D-E4A1-45CA-8814-30E4CC7D00DB}.Debug|x64.ActiveCfg = Debug|x64
		{A2D6025D-E4A1-45CA-8814-30E4CC7D00DB}.Debug|x64.Build.0 = Debug|x64
		{A2D6025D-E4A1-45CA-8814-30E4CC7D00DB}.Debug|x86.ActiveCfg = Debug|Win32
		{A2D6025D-E4A1-45CA-8814-30E4CC7D00DB}.Debug|x86.Build.0 = Debug|Win32
		{A2D6025D-E4A1-45CA-8814-30E4CC7D00DB}.Development|x64.ActiveCfg = Debug|x64
		{A2D6025D-E4A1-45CA-8814-30E4CC7D00DB}.Development|x64.Build.0 = Debug|x64
		{A2D6025D-E4A1-45CA-8814-30E4CC7D00DB}.Development|x86.ActiveCfg = Debug|Win32
		{A2D6025D-E4A1-45CA-8814-30E4CC7D00DB}.Development|x86.Build.0 = Debug|Win32
		{A2D6025D-E4A1-45CA-8814-30E4CC7D00DB}.Release|x64.ActiveCfg = Release|x64
		{A2D6025D-E4A1-45CA-8814-30E4CC7D00DB}.Release|x64.Build.0 = Release|x64
		{A2D6025D-E4A1-45CA-8814-30E4CC7D00DB}.Release|x86.ActiveCfg = Release|Win32
		{A2D6025D-E4A1-45CA-8814-30E4CC7D00DB}.Release|x86.Build.0 = Release|Win32
		{9A09798F-D432-417A-B22D-B6C24BBC2CF4}.Debug|x64.ActiveCfg = Debug|x64
		{9A09798F-D432-417A-B22D-B6C24BBC2CF4}.Debug|x64.Build.0 = Debug|x64
		{9A09798F-D432-417A-B22D-B6C24BBC2CF4}.Debug|x86.ActiveCfg = Debug|Win32
		{9A09798F-D432-417A-B22D-B6C24BBC2CF4}.Debug|x86.Build.0 = Debug|Win32
		{9A09798F-D432-417A-B22D-B6C24BBC2CF4}.Development|x64.ActiveCfg = Debug|x64
		{9A09798F-D432-417A-B22D-B6C24BBC2CF4}.Development|x64.Build.0 = Debug|x64
		{9A09798F-D432-417A-B22D-B6C24BBC2CF4}.Development|x86.ActiveCfg = Debug|Win32
		{9A09798F-D432-417A-B22D-B6C24BBC2CF4}.Development|x86.Build.0 = Debug|Win32
		{9A09798F-D432-417A-B22D-B6C24BBC2CF4}.Release|x64.ActiveCfg = Release|x64
		{9A09798F-D432-417A-B22D-B6C24BBC2CF4}.Release|x64.Build.0 = Release|x64
		{9A09798F-D432-417A-B22D-B6C24BBC2CF4}.Release|x86.ActiveCfg = Release|Win32
		{9A09798F-D432-417A-B22D-B6C24BBC2CF4}.Release|x86.Build.0 = Release|Win32
		{D07F40B3-A5E0-4699-A6B7-995D1A9A4501}.Debug|x64.ActiveCfg = Debug|x64
		{D07F40B3-A5E0-4699-A6B7-995D1A9A4501}.Debug|x64.Build.0 = Debug|x64
		{D07F40B3-A5E0-4699-A6B7-995D1A9A4501}.Debug|x86.ActiveCfg = Debug|Win32
		{D07F40B3-A5E0-4699-A6B7-995D1A9A4501}.Debug|x86.Build.0 = Debug|Win32
		{D07F40B3-A5E0-4699-A6B7-995D1A9A4501}.Development|x64.ActiveCfg = Debug|x64
		{D07F40B3-A5E0-4699-A6B7-995D1A9A4501}.Development|x64.Build.0 = Debug|x64
		{D07F40B3-A5E0-4699-A6B7-995D1A9A4501}.Development|x86.ActiveCfg = Debug|Win32
		{D07F40B3-A5E0-4699-A6B7-995D1A9A4501}.Development|x86.Build.0 = Debug|Win32
		{D07F40B3-A5E0-4699-A6B7-995D1A9A4501}.Release|x64.ActiveCfg = Release|x64
		{D07F40B3-A5E0-4699-A6B7-995D1A9A4501}.Release|x64.Build.0 = Release|x64
		{D07F40B3-A5E0-4699-A6B7-995D1A9A4501}.Release|x86.ActiveCfg = Release|Win32
		{D07F40B3-A5E0-4699-A6B7-995D1A9A4501}.Release|x86.Build.0 = Release|Win32
		{9E4AEB5B-1EF1-45BE-B3EA-A83B33AD23CB}.Debug|x64.ActiveCfg = Debug|x64
		{9E4AEB5B-1EF1-45BE-B3EA-A83B33AD23CB}.Debug|x64.Build.0 = Debug|x64
		{9E4AEB5B-1EF1-45BE-B3EA-A83B33AD23CB}.Debug|x86.ActiveCfg = Debug|Win32
		{9E4AEB5B-1EF1-45BE-B3EA-A83B33AD23CB}.Debug|x86.Build.0 = Debug|Win32
		{9E4AEB5B-1EF1-45BE-B3EA-A83B33AD23CB}.Development|x64.ActiveCfg = Debug|x64
		{9E4AEB5B-1EF1-45BE-B3EA-A83B33AD23CB}.Development|x64.Build.0 = Debug|x64
		{9E4AEB5B-1EF1-45BE-B3EA-A83B33AD23CB}.Development|x86.ActiveCfg = Debug|Win32
		{9E4AEB5B-1EF1-45BE-B3EA-A83B33AD23CB}.Development|x86.Build.0 = Debug|Win32
		{9E4AEB5B-1EF1-45BE-B3EA-A83B33AD23CB}.Release|x64.ActiveCfg = Release|x64
		{9E4AEB5B-1EF1-45BE-B3EA-A83B33AD23CB}.Release|x64.Build.0 = Release|x64
		{9E4AEB5B-1EF1-45BE-B3EA-A83B33AD23CB}.Release|x86.ActiveCfg = Release|Win32
		{9E4AEB5B-1EF1-45BE-B3EA-A83B33AD23CB}.Release|x86.Build.0 = Release|Win32
		{9B511349-9688-4989-B7A2-EF173A412C82}.Debug|x64.ActiveCfg = Debug|x64
		{9B511349-9688-4989-B7A2-EF173A412C82}.Debug|x64.Build.0 = Debug|x64
		{9B511349-9688-4989-B7A2-EF173A412C82}.Debug|x86.ActiveCfg = Debug|Win32
		{9B511349-9688-4989-B7A2-EF173A412C82}.Debug|x86.Build.0 = Debug|Win32
		{9B511349-9688-4989-B7A2-EF173A412C82}.Development|x64.ActiveCfg = Debug|x64
		{9B511349-9688-4989-B7A2-EF173A412C82}.Development|x64.Build.0 = Debug|x64
		{9B511349-9688-4989-B7A2-EF173A412C82}.Development|x86.ActiveCfg = Debug|Win32
		{9B511349-9688-4989-B7A2-EF173A412C82}.Development|x86.Build.0 = Debug|Win32
		{9B511349-9688-4989-B7A2-EF173A412C82}.Release|x64.ActiveCfg = Release|x64
		{9B511349-9688-4989-B7A2-EF173A412C82}.Release|x64.Build.0 = Release|x64
		{9B511349-9688-4989-B7A2-EF173A412C82}.Release|x86.ActiveCfg = Release|Win32
		{9B511349-9688-4989-B7A2-EF173A412C82}.Release|x86.Build.0 = Release|Win32
		{2FAE1DD2-0E4F-439D-8E60-BE10A2AD48CA}.Debug|x64.ActiveCfg = Debug|x64
		{2FAE1DD2-0E4F-439D-8E60-BE10A2AD48CA}.Debug|x64.Build.0 = Debug|x64
		{2FAE1DD2-0E4F-439D-8E60-BE10A2AD48CA}.Debug|x86.ActiveCfg = Debug|Win32
		{2FAE1DD2-0E4F-439D-8E60-BE10A2AD48CA}.Debug|x86.Build.0 = Debug|Win32
		{2FAE1DD2-0E4F-439D-8E60-BE10A2AD48CA}.Development|x64.ActiveCfg = Debug|x64
		{2FAE1DD2-0E4F-439D-8E60-BE10A2AD48CA}.Development|x64.Build.0 = Debug|x64
		{2FAE1DD2-0E4F-439D-8E60-BE10A2AD48CA}.Development|x86.ActiveCfg = Debug|Win32
		{2FAE1DD2-0E4F-439D-8E60-BE10A2AD48CA}.Development|x86.Build.0 = Debug|Win32
		{2FAE1DD2-0E4F-439D-8E60-BE10A2AD48CA}.Release|x64.ActiveCfg = Release|x64
		{2FAE1DD2-0E4F-439D-8E60-BE10A2AD48CA}.Release|x64.Build.0 = Release|x64
		{2FAE1DD2-0E4F-439D-8E60-BE10A2AD48CA}.Release|x86.ActiveCfg = Release|Win32
		{2FAE1DD2-0E4F-439D-8E60-BE10A2AD48CA}.Release|x86.Build.0 = Release|Win32
		{DEF6D6BF-1225-4FF5-8E88-835E95D8EFA3}.Debug|x64.ActiveCfg = Debug|x64
		{DEF6D6BF-1225-4FF5-8E88-835E95D8EFA3}.Debug|x64.Build.0 = Debug|x64
		{DEF6D6BF-1225-4FF5-8E88-835E95D8EFA3}.Debug|x86.ActiveCfg = Debug|Win32
		{DEF6D6BF-1225-4FF5-8E88-835E95D8EFA3}.Debug|x86.Build.0 = Debug|Win32
		{DEF6D6BF-1225-4FF5-8E88-835E95D8EFA3}.Development|x64.ActiveCfg = Debug|x64
		{DEF6D6BF-1225-4FF5-8E88-835E95D8EFA3}.Development|x64.Build.0 = Debug|x64
		{DEF6D6BF-1225-4FF5-8E88-835E95D8EFA3}.Development|x86.ActiveCfg = Debug|Win32
		{DEF6D6BF-1225-4FF5-8E88-835E95D8EFA3}.Development|x86.Build.0 = Debug|Win32
		{DEF6D6BF-1225-4FF5-8E88-835E95D8EFA3}.Release|x64.ActiveCfg = Release|x64
		{DEF6D6BF-1225-4FF5-8E88-835E95D8EFA3}.Release|x64.Build.0 = Release|x64
		{DEF6D6BF-1225-4FF5-8E88-835E95D8EFA3}.Release|x86.ActiveCfg = Release|Win32
		{DEF6D6BF-1225-4FF5-8E88-835E95D8EFA3}.Release|x86.Build.0 = Release|Win32
		{85DB2695-913C-4B81-98DE-714119ABF635}.Debug|x64.ActiveCfg = Debug|x64
		{85DB2695-913C-4B81-98DE-714119ABF635}.Debug|x64.Build.0 = Debug|x64
		{85DB2695-913C-4B81-98DE-714119ABF635}.Debug|x86.ActiveCfg = Debug|Win32
		{85DB2695-913C-4B81-98DE-714119ABF635}.Debug|x86.Build.0 = Debug|Win32
		{85DB2695-913C-4B81-98DE-714119ABF635}.Development|x64.ActiveCfg = Debug|x64
		{85DB2695-913C-4B81-98DE-714119ABF635}.Development|x64.Build.0 = Debug|x64
		{85DB2695-913C-4B81-98DE-714119ABF635}.Development|x86.ActiveCfg = Debug|Win32
		{85DB2695-913C-4B81-98DE-714119ABF635}.Development|x86.Build.0 = Debug|Win32
		{85DB2695-913C-4B81-98DE-714119ABF635}.Release|x64.ActiveCfg = Release|x64
		{85DB2695-913C-4B81-98DE-714119ABF635}.Release|x64.Build.0 = Release|x64
		{85DB2695-913C-4B81-98DE-714119ABF635}.Release|x86.ActiveCfg = Release|Win32
		{85DB2695-913C-4B81-98DE-714119ABF635}.Release|x86.Build.0 = Release|Win32
		{3867AE4D-AC2C-4C53-B5BE-D855CFC96AA4}.Debug|x64.ActiveCfg = Debug|x64
		{3867AE4D-AC2C-4C53-B5BE-D855CFC96AA4}.Debug|x64.Build.0 = Debug|x64
		{3867AE4D-AC2C-4C53-B5BE-D855CFC96AA4}.Debug|x86.ActiveCfg = Debug|Win32
		{3867AE4D-AC2C-4C53-B5BE-D855CFC96AA4}.Debug|x86.Build.0 = Debug|Win32
		{3867AE4D-AC2C-4C53-B5BE-D855CFC96AA4}.Development|x64.ActiveCfg = Debug|x64
		{3867AE4D-AC2C-4C53-B5BE-D855CFC96AA4}.Development|x64.Build.0 = Debug|x64
		{3867AE4D-AC2C-4C53-B5BE-D855CFC96AA4}.Development|x86.ActiveCfg = Debug|Win32
		{3867AE4D-AC2C-4C53-B5BE-D855CFC96AA4}.Development|x86.Build.0 = Debug|Win32
		{3867AE4D-AC2C-4C53-B5BE-D855CFC96AA4}.Release|x64.ActiveCfg = Release|x64
		{3867AE4D-AC2C-4C53-B5BE-D855CFC96AA4}.Release|x64.Build.0 = Release|x64
		{3867AE4D-AC2C-4C53-B5BE-D855CFC96AA4}.Release|x86.ActiveCfg = Release|Win32
		{3867AE4D-AC2C-4C53-B5BE-D855CFC96AA4}.Release|x86.Build.0 = Release|Win32
		{D0FDAB6F-EA3A-490B-969C-21EC0BDC424C}.Debug|x64.ActiveCfg = Debug|x64
		{D0FDAB6F-EA3A-490B-969C-21EC0BDC424C}.Debug|x64.Build.0 = Debug|x64
		{D0FDAB6F-EA3A-490B-969C-21EC0BDC424C}.Debug|x86.ActiveCfg = Debug|Win32
		{D0FDAB6F-EA3A-490B-969C-21EC0BDC424C}.Debug|x86.Build.0 = Debug|Win32
		{D0FDAB6F-EA3A-490B-969C-21EC0BDC424C}.Development|x64.ActiveCfg = Debug|x64
		{D0FDAB6F-EA3A-490B-969C-21EC0BDC424C}.Development|x64.Build.0 = Debug|x64
		{D0FDAB6F-EA3A-490B-969C-21EC0BDC424C}.Development|x86.ActiveCfg = Debug|Win32
		{D0FDAB6F-EA3A-490B-969C-21EC0BDC424C}.Development|x86.Build.0 = Debug|Win32
		{D0FDAB6F-EA3A-490B-969C-21EC0BDC424C}.Release|x64.ActiveCfg = Release|x64
		{D0FDAB6F-EA3A-490B-969C-21EC0BDC424C}.Release|x64.Build.0 = Release|x64
		{D0FDAB6F-EA3A-490B-969C-21EC0BDC424C}.Release|x86.ActiveCfg = Release|Win32
		{D0FDAB6F-EA3A-490B-969C-21EC0BDC424C}.Release|x86.Build.0 = Release|Win32
		{57BDA1CE-EE80-4057-BF6F-7DC462D3E2CF}.Debug|x64.ActiveCfg = Debug|x64
		{57BDA1CE-EE80-4057-BF6F-7DC462D3E2CF}.Debug|x64.Build.0 = Debug|x64
		{57BDA1CE-EE80-4057-BF6F-7DC462D3E2CF}.Debug|x86.ActiveCfg = Debug|Win32
		{57BDA1CE-EE80-4057-BF6F-7DC462D3E2CF}.Debug|x86.Build.0 = Debug|Win32
		{57BDA1CE-EE80-4057-BF6F-7DC462D3E2CF}.Development|x64.ActiveCfg = Debug|x64
		{57BDA1CE-EE80-4057-BF6F-7DC462D3E2CF}.Development|x64.Build.0 = Debug|x64
		{57BDA1CE-EE80-4057-BF6F-7DC462D3E2CF}.Development|x86.ActiveCfg = Debug|Win32
		{57BDA1CE-EE80-4057-BF6F-7DC462D3E2CF}.Development|x86.Build.0 = Debug|Win32
		{57BDA1CE-EE80-4057-BF6F-7DC462D3E2CF}.Release|x64.ActiveCfg = Release|x64
		{57BDA1CE-EE80-4057-BF6F-7DC462D3E2CF}.Release|x64.Build.0 = Release|x64
		{57BDA1CE-EE80-4057-BF6F-7DC462D3E2CF}.Release|x86.ActiveCfg = Release|Win32
		{57BDA1CE-EE80-4057-BF6F-7DC462D3E2CF}.Release|x86.Build.0 = Release|Win32
		{4A0EB673-D24C-4E97-9FBC-130C9D4773C0}.Debug|x64.ActiveCfg = Debug|x64
		{4A0EB673-D24C-4E97-9FBC-130C9D4773C0}.Debug|x64.Build.0 = Debug|x64
		{4A0EB673-D24C-4E97-9FBC-130C9D4773C0}.Debug|x86.ActiveCfg = Debug|Win32
		{4A0EB673-D24C-4E97-9FBC-130C9D4773C0}.Debug|x86.Build.0 = Debug|Win32
		{4A0EB673-D24C-4E97-9FBC-130C9D4773C0}.Development|x64.ActiveCfg = Debug|x64
		{4A0EB673-D24C-4E97-9FBC-130C9D4773C0}.Development|x64.Build.0 = Debug|x64
		{4A0EB673-D24C-4E97-9FBC-130C9D4773C0}.Development|x86.ActiveCfg = Debug|Win32
		{4A0EB673-D24C-4E97-9FBC-130C9D4773C0}.Development|x86.Build.0 = Debug|Win32
		{4A0EB673-D24C-4E97-9FBC-130C9D4773C0}.Release|x64.ActiveCfg = Release|x64
		{4A0EB673-D24C-4E97-9FBC-130C9D4773C0}.Release|x64.Build.0 = Release|x64
		{4A0EB673-D24C-4E97-9FBC-130C9D4773C0}.Release|x86.ActiveCfg = Release|Win32
		{4A0EB673-D24C-4E97-9FBC-130C9D4773C0}.Release|x86.Build.0 = Release|Win32
		{44528FAE-0479-488D-AD85-09841672766E}.Debug|x64.ActiveCfg = Debug|x64
		{44528FAE-0479-488D-AD85-09841672766E}.Debug|x64.Build.0 = Debug|x64
		{44528FAE-0479-488D-AD85-09841672766E}.Debug|x86.ActiveCfg = Debug|Win32
		{44528FAE-0479-488D-AD85-09841672766E}.Debug|x86.Build.0 = Debug|Win32
		{44528FAE-0479-488D-AD85-09841672766E}.Development|x64.ActiveCfg = Debug|x64
		{44528FAE-0479-488D-AD85-09841672766E}.Development|x64.Build.0 = Debug|x64
		{44528FAE-0479-488D-AD85-09841672766E}.Development|x86.ActiveCfg = Debug|Win32
		{44528FAE-0479-488D-AD85-09841672766E}.Development|x86.Build.0 = Debug|Win32
		{44528FAE-0479-488D-AD85-09841672766E}.Release|x64.ActiveCfg = Release|x64
		{44528FAE-0479-488D-AD85-09841672766E}.Release|x64.Build.0 = Release|x64
		{44528FAE-0479-488D-AD85-09841672766E}.Release|x86.ActiveCfg = Release|Win32
		{44528FAE-0479-488D-AD85-09841672766E}.Release|x86.Build.0 = Release|Win32
		{ED62E384-2A66-4C1B-AB1A-AC4ECE2910A6}.Debug|x64.ActiveCfg = Debug|x64
		{ED62E384-2A66-4C1B-AB1A-AC4ECE2910A6}.Debug|x64.Build.0 = Debug|x64
		{ED62E384-2A66-4C1B-AB1A-AC4ECE2910A6}.Debug|x86.ActiveCfg = Debug|Win32
		{ED62E384-2A66-4C1B-AB1A-AC4ECE2910A6}.Debug|x86.Build.0 = Debug|Win32
		{ED62E384-2A66-4C1B-AB1A-AC4ECE2910A6}.Development|x64.ActiveCfg = Debug|x64
		{ED62E384-2A66-4C1B-AB1A-AC4ECE2910A6}.Development|x64.Build.0 = Debug|x64
		{ED62E384-2A66-4C1B-AB1A-AC4ECE2910A6}.Development|x86.ActiveCfg = Debug|Win32
		{ED62E384-2A66-4C1B-AB1A-AC4ECE2910A6}.Development|x86.Build.0 = Debug|Win32
		{ED62E384-2A66-4C1B-AB1A-AC4ECE2910A6}.Release|x64.ActiveCfg = Release|x64
		{ED62E384-2A66-4C1B-AB1A-AC4ECE2910A6}.Release|x64.Build.0 = Release|x64
		{ED62E384-2A66-4C1B-AB1A-AC4ECE2910A6}.Release|x86.ActiveCfg = Release|Win32
		{ED62E384-2A66-4C1B-AB1A-AC4ECE2910A6}.Release|x86.Build.0 = Release|Win32
		{409BEC59-E537-46D2-9E36-2851A655EFED}.Debug|x64.ActiveCfg = Debug|x64
		{409BEC59-E537-46D2-9E36-2851A655EFED}.Debug|x64.Build.0 = Debug|x64
		{409BEC59-E537-46D2-9E36-2851A655EFED}.Debug|x86.ActiveCfg = Debug|Win32
		{409BEC59-E537-46D2-9E36-2851A655EFED}.Debug|x86.Build.0 = Debug|Win32
		{409BEC59-E537-46D2-9E36-2851A655EFED}.Development|x64.ActiveCfg = Debug|x64
		{409BEC59-E537-46D2-9E36-2851A655EFED}.Development|x64.Build.0 = Debug|x64
		{409BEC59-E537-46D2-9E36-2851A655EFED}.Development|x86.ActiveCfg = Debug|Win32
		{409BEC59-E537-46D2-9E36-2851A655EFED}.Development|x86.Build.0 = Debug|Win32
		{409BEC59-E537-46D2-9E36-2851A655EFED}.Release|x64.ActiveCfg = Release|x64
		{409BEC59-E537-46D2-9E36-2851A655EFED}.Release|x64.Build.0 = Release|x64
		{409BEC59-E537-46D2-9E36-2851A655EFED}.Release|x86.ActiveCfg = Release|Win32
		{409BEC59-E537-46D2-9E36-2851A655EFED}.Release|x86.Build.0 = Release|Win32
	EndGlobalSection
	GlobalSection(SolutionProperties) = preSolution
		HideSolutionNode = FALSE
	EndGlobalSection
	GlobalSection(ExtensibilityGlobals) = postSolution
		SolutionGuid = {A958D356-5273-48BC-B3C4-4A9921D12A03}
	EndGlobalSection
EndGlobal
