
Microsoft Visual Studio Solution File, Format Version 12.00
# Visual Studio Version 16
VisualStudioVersion = 16.0.30804.86
MinimumVisualStudioVersion = 10.0.40219.1
Project("{8BC9CEB8-8B4A-11D0-8D11-00A0C91BC942}") = "AsciiLib", "AsciiLib\AsciiLib.vcxproj", "{FC8FAE07-D806-4AFD-93BA-B6E84BC828C3}"
EndProject
Project("{8BC9CEB8-8B4A-11D0-8D11-00A0C91BC942}") = "Test", "Test\Test.vcxproj", "{29F42C38-35D8-47BE-A4A2-BEFE4874950E}"
EndProject
Global
	GlobalSection(SolutionConfigurationPlatforms) = preSolution
		Debug|x64 = Debug|x64
		Debug|x86 = Debug|x86
		Release|x64 = Release|x64
		Release|x86 = Release|x86
	EndGlobalSection
	GlobalSection(ProjectConfigurationPlatforms) = postSolution
		{FC8FAE07-D806-4AFD-93BA-B6E84BC828C3}.Debug|x64.ActiveCfg = Debug|x64
		{FC8FAE07-D806-4AFD-93BA-B6E84BC828C3}.Debug|x64.Build.0 = Debug|x64
		{FC8FAE07-D806-4AFD-93BA-B6E84BC828C3}.Debug|x86.ActiveCfg = Debug|Win32
		{FC8FAE07-D806-4AFD-93BA-B6E84BC828C3}.Debug|x86.Build.0 = Debug|Win32
		{FC8FAE07-D806-4AFD-93BA-B6E84BC828C3}.Release|x64.ActiveCfg = Release|x64
		{FC8FAE07-D806-4AFD-93BA-B6E84BC828C3}.Release|x64.Build.0 = Release|x64
		{FC8FAE07-D806-4AFD-93BA-B6E84BC828C3}.Release|x86.ActiveCfg = Release|Win32
		{FC8FAE07-D806-4AFD-93BA-B6E84BC828C3}.Release|x86.Build.0 = Release|Win32
		{29F42C38-35D8-47BE-A4A2-BEFE4874950E}.Debug|x64.ActiveCfg = Debug|x64
		{29F42C38-35D8-47BE-A4A2-BEFE4874950E}.Debug|x64.Build.0 = Debug|x64
		{29F42C38-35D8-47BE-A4A2-BEFE4874950E}.Debug|x86.ActiveCfg = Debug|Win32
		{29F42C38-35D8-47BE-A4A2-BEFE4874950E}.Debug|x86.Build.0 = Debug|Win32
		{29F42C38-35D8-47BE-A4A2-BEFE4874950E}.Release|x64.ActiveCfg = Release|x64
		{29F42C38-35D8-47BE-A4A2-BEFE4874950E}.Release|x64.Build.0 = Release|x64
		{29F42C38-35D8-47BE-A4A2-BEFE4874950E}.Release|x86.ActiveCfg = Release|Win32
		{29F42C38-35D8-47BE-A4A2-BEFE4874950E}.Release|x86.Build.0 = Release|Win32
	EndGlobalSection
	GlobalSection(SolutionProperties) = preSolution
		HideSolutionNode = FALSE
	EndGlobalSection
	GlobalSection(ExtensibilityGlobals) = postSolution
		SolutionGuid = {74754F37-307B-4140-B74F-4014BA87312B}
	EndGlobalSection
EndGlobal
