<?xml version="1.0" encoding="utf-8"?>
<Project ToolsVersion="4.0" xmlns="http://schemas.microsoft.com/developer/msbuild/2003">
  <ItemGroup>
    <Filter Include="Source Files">
      <UniqueIdentifier>{4FC737F1-C7A5-4376-A066-2A32D752A2FF}</UniqueIdentifier>
      <Extensions>cpp;c;cc;cxx;c++;cppm;ixx;def;odl;idl;hpj;bat;asm;asmx</Extensions>
    </Filter>
    <Filter Include="Header Files">
      <UniqueIdentifier>{93995380-89BD-4b04-88EB-625FBE52EBFB}</UniqueIdentifier>
      <Extensions>h;hh;hpp;hxx;h++;hm;inl;inc;ipp;xsd</Extensions>
    </Filter>
    <Filter Include="Resource Files">
      <UniqueIdentifier>{67DA6AB6-F800-4c08-8B7A-83BB121AAD01}</UniqueIdentifier>
      <Extensions>rc;ico;cur;bmp;dlg;rc2;rct;bin;rgs;gif;jpg;jpeg;jpe;resx;tiff;tif;png;wav;mfcribbon-ms</Extensions>
    </Filter>
    <Filter Include="Characters">
      <UniqueIdentifier>{34fe1b4b-7c31-415b-bfa8-626becd96ba4}</UniqueIdentifier>
    </Filter>
    <Filter Include="Characters\Headers">
      <UniqueIdentifier>{d9f9efbb-b61e-476f-88d1-84d58e63809f}</UniqueIdentifier>
    </Filter>
    <Filter Include="Characters\Source">
      <UniqueIdentifier>{1cbe3f1a-8549-45bf-acc7-9b98d7c16a05}</UniqueIdentifier>
    </Filter>
  </ItemGroup>
  <ItemGroup>
    <ClCompile Include="Source.cpp">
      <Filter>Source Files</Filter>
    </ClCompile>
    <ClCompile Include="Animatronic.cpp">
      <Filter>Characters\Source</Filter>
    </ClCompile>
    <ClCompile Include="Bonnie.cpp">
      <Filter>Characters\Source</Filter>
    </ClCompile>
    <ClCompile Include="Bullies.cpp">
      <Filter>Characters\Source</Filter>
    </ClCompile>
    <ClCompile Include="Chica.cpp">
      <Filter>Characters\Source</Filter>
    </ClCompile>
    <ClCompile Include="Foxy.cpp">
      <Filter>Characters\Source</Filter>
    </ClCompile>
    <ClCompile Include="Freddy.cpp">
      <Filter>Characters\Source</Filter>
    </ClCompile>
    <ClCompile Include="Animatronics.cpp">
      <Filter>Source Files</Filter>
    </ClCompile>
    <ClCompile Include="random.cpp">
      <Filter>Source Files</Filter>
    </ClCompile>
    <ClCompile Include="Example.cpp">
      <Filter>Source Files</Filter>
    </ClCompile>
  </ItemGroup>
  <ItemGroup>
    <ClInclude Include="random.h">
      <Filter>Header Files</Filter>
    </ClInclude>
    <ClInclude Include="Animatronic.h">
      <Filter>Characters\Headers</Filter>
    </ClInclude>
    <ClInclude Include="Bonnie.h">
      <Filter>Characters\Headers</Filter>
    </ClInclude>
    <ClInclude Include="Bullies.h">
      <Filter>Characters\Headers</Filter>
    </ClInclude>
    <ClInclude Include="Chica.h">
      <Filter>Characters\Headers</Filter>
    </ClInclude>
    <ClInclude Include="Foxy.h">
      <Filter>Characters\Headers</Filter>
    </ClInclude>
    <ClInclude Include="Freddy.h">
      <Filter>Characters\Headers</Filter>
    </ClInclude>
    <ClInclude Include="Animatronics.h">
      <Filter>Header Files</Filter>
    </ClInclude>
    <ClInclude Include="Example.h">
      <Filter>Header Files</Filter>
    </ClInclude>
  </ItemGroup>
  <ItemGroup>
    <Image Include="Chica_ShowStage.PNG">
      <Filter>Resource Files</Filter>
    </Image>
    <Image Include="Freddy_ShowStage.PNG">
      <Filter>Resource Files</Filter>
    </Image>
    <Image Include="Bonnie_ShowStage.PNG">
      <Filter>Resource Files</Filter>
    </Image>
    <Image Include="Foxy_PirateCove_0.PNG">
      <Filter>Resource Files</Filter>
    </Image>
    <Image Include="Map.PNG">
      <Filter>Resource Files</Filter>
    </Image>
    <Image Include="Foxy_PirateCove_1.PNG">
      <Filter>Resource Files</Filter>
    </Image>
    <Image Include="Foxy_PirateCove_2.PNG">
      <Filter>Resource Files</Filter>
    </Image>
    <Image Include="Foxy_WestHall.PNG">
      <Filter>Resource Files</Filter>
    </Image>
    <Image Include="Office.png">
      <Filter>Resource Files</Filter>
    </Image>
  </ItemGroup>
  <ItemGroup>
    <None Include="perspective.frag">
      <Filter>Resource Files</Filter>
    </None>
    <None Include="perspective.vert">
      <Filter>Resource Files</Filter>
    </None>
    <None Include="static.frag">
      <Filter>Resource Files</Filter>
    </None>
  </ItemGroup>
</Project>