<?xml version="1.0" encoding="utf-8"?>
<Project ToolsVersion="4.0" xmlns="http://schemas.microsoft.com/developer/msbuild/2003">
  <ItemGroup>
    <ClCompile Include="main.cpp" />
    <ClCompile Include="Wire.cpp" />
    <ClCompile Include="Transistor.cpp" />
  </ItemGroup>
  <ItemGroup>
    <ClInclude Include="Wire.h" />
    <ClInclude Include="Transistor.h" />
  </ItemGroup>
</Project>