<?xml version="1.0" encoding="utf-8"?>
<Project ToolsVersion="4.0" xmlns="http://schemas.microsoft.com/developer/msbuild/2003">
  <ItemGroup>
    <ClCompile Include="main.cpp" />
    <ClCompile Include="Transistor.cpp" />
    <ClCompile Include="Abstraction.cpp" />
    <ClCompile Include="Serialization.cpp" />
    <ClCompile Include="Globals.cpp" />
    <ClCompile Include="CustomTypes.cpp" />
    <ClCompile Include="BasicMath.cpp" />
    <ClCompile Include="IDSystem.cpp" />
  </ItemGroup>
  <ItemGroup>
    <ClInclude Include="Transistor.h" />
    <ClInclude Include="Abstraction.h" />
    <ClInclude Include="Serialization.h" />
    <ClInclude Include="Circuit.h" />
    <ClInclude Include="Globals.h" />
    <ClInclude Include="CustomTypes.h" />
    <ClInclude Include="BasicMath.h" />
    <ClInclude Include="IDSystem.h" />
  </ItemGroup>
  <ItemGroup>
    <None Include="pretty.frag" />
    <None Include="grid.frag" />
  </ItemGroup>
  <ItemGroup>
    <Text Include="saved_diagram.txt" />
  </ItemGroup>
</Project>